<?xml version="1.0" encoding="utf-8"?>
<Project ToolsVersion="12.0" xmlns="http://schemas.microsoft.com/developer/msbuild/2003">
  <ItemGroup>
    <ClCompile Include="D:\code\opencv-code\opencv-windows-build345\modules\features2d\src\agast.cpp">
      <Filter>Src</Filter>
    </ClCompile>
    <ClCompile Include="D:\code\opencv-code\opencv-windows-build345\modules\features2d\src\agast_score.cpp">
      <Filter>Src</Filter>
    </ClCompile>
    <ClCompile Include="D:\code\opencv-code\opencv-windows-build345\modules\features2d\src\akaze.cpp">
      <Filter>Src</Filter>
    </ClCompile>
    <ClCompile Include="D:\code\opencv-code\opencv-windows-build345\modules\features2d\src\bagofwords.cpp">
      <Filter>Src</Filter>
    </ClCompile>
    <ClCompile Include="D:\code\opencv-code\opencv-windows-build345\modules\features2d\src\blobdetector.cpp">
      <Filter>Src</Filter>
    </ClCompile>
    <ClCompile Include="D:\code\opencv-code\opencv-windows-build345\modules\features2d\src\brisk.cpp">
      <Filter>Src</Filter>
    </ClCompile>
    <ClCompile Include="D:\code\opencv-code\opencv-windows-build345\modules\features2d\src\draw.cpp">
      <Filter>Src</Filter>
    </ClCompile>
    <ClCompile Include="D:\code\opencv-code\opencv-windows-build345\modules\features2d\src\dynamic.cpp">
      <Filter>Src</Filter>
    </ClCompile>
    <ClCompile Include="D:\code\opencv-code\opencv-windows-build345\modules\features2d\src\evaluation.cpp">
      <Filter>Src</Filter>
    </ClCompile>
    <ClCompile Include="D:\code\opencv-code\opencv-windows-build345\modules\features2d\src\fast.cpp">
      <Filter>Src</Filter>
    </ClCompile>
    <ClCompile Include="D:\code\opencv-code\opencv-windows-build345\modules\features2d\src\fast_score.cpp">
      <Filter>Src</Filter>
    </ClCompile>
    <ClCompile Include="D:\code\opencv-code\opencv-windows-build345\modules\features2d\src\feature2d.cpp">
      <Filter>Src</Filter>
    </ClCompile>
    <ClCompile Include="D:\code\opencv-code\opencv-windows-build345\modules\features2d\src\gftt.cpp">
      <Filter>Src</Filter>
    </ClCompile>
    <ClCompile Include="D:\code\opencv-code\opencv-windows-build345\modules\features2d\src\kaze.cpp">
      <Filter>Src</Filter>
    </ClCompile>
    <ClCompile Include="D:\code\opencv-code\opencv-windows-build345\modules\features2d\src\kaze\AKAZEFeatures.cpp">
      <Filter>Src\kaze</Filter>
    </ClCompile>
    <ClCompile Include="D:\code\opencv-code\opencv-windows-build345\modules\features2d\src\kaze\KAZEFeatures.cpp">
      <Filter>Src\kaze</Filter>
    </ClCompile>
    <ClCompile Include="D:\code\opencv-code\opencv-windows-build345\modules\features2d\src\kaze\fed.cpp">
      <Filter>Src\kaze</Filter>
    </ClCompile>
    <ClCompile Include="D:\code\opencv-code\opencv-windows-build345\modules\features2d\src\kaze\nldiffusion_functions.cpp">
      <Filter>Src\kaze</Filter>
    </ClCompile>
    <ClCompile Include="D:\code\opencv-code\opencv-windows-build345\modules\features2d\src\keypoint.cpp">
      <Filter>Src</Filter>
    </ClCompile>
    <ClCompile Include="D:\code\opencv-code\opencv-windows-build345\modules\features2d\src\main.cpp">
      <Filter>Src</Filter>
    </ClCompile>
    <ClCompile Include="D:\code\opencv-code\opencv-windows-build345\modules\features2d\src\matchers.cpp">
      <Filter>Src</Filter>
    </ClCompile>
    <ClCompile Include="D:\code\opencv-code\opencv-windows-build345\modules\features2d\src\mser.cpp">
      <Filter>Src</Filter>
    </ClCompile>
    <ClCompile Include="D:\code\opencv-code\opencv-windows-build345\modules\features2d\src\orb.cpp">
      <Filter>Src</Filter>
    </ClCompile>
    <ClCompile Include="D:\code\opencv-code\opencv-windows-build345\build-dnn-gpu\modules\features2d\opencl_kernels_features2d.cpp">
      <Filter>Src\opencl\kernels\autogenerated</Filter>
    </ClCompile>
    <ClCompile Include="D:\code\opencv-code\opencv-windows-build345\build-dnn-gpu\modules\features2d\opencv_features2d_pch.cpp">
      <Filter>Src</Filter>
    </ClCompile>
    <ClCompile Include="D:\code\opencv-code\opencv-windows-build345\build-dnn-gpu\modules\features2d\opencv_features2d_main.cpp">
      <Filter>Source Files</Filter>
    </ClCompile>
  </ItemGroup>
  <ItemGroup>
    <ClInclude Include="D:\code\opencv-code\opencv-windows-build345\modules\features2d\include\opencv2\features2d.hpp">
      <Filter>Include\opencv2</Filter>
    </ClInclude>
    <ClInclude Include="D:\code\opencv-code\opencv-windows-build345\modules\features2d\include\opencv2\features2d\features2d.hpp">
      <Filter>Include\opencv2\features2d</Filter>
    </ClInclude>
    <ClInclude Include="D:\code\opencv-code\opencv-windows-build345\modules\features2d\include\opencv2\features2d\hal\interface.h">
      <Filter>Include\opencv2\features2d\hal</Filter>
    </ClInclude>
    <ClInclude Include="D:\code\opencv-code\opencv-windows-build345\build-dnn-gpu\modules\features2d\opencl_kernels_features2d.hpp">
      <Filter>Src\opencl\kernels\autogenerated</Filter>
    </ClInclude>
    <ClInclude Include="D:\code\opencv-code\opencv-windows-build345\modules\features2d\src\agast_score.hpp">
      <Filter>Src</Filter>
    </ClInclude>
    <ClInclude Include="D:\code\opencv-code\opencv-windows-build345\modules\features2d\src\fast.hpp">
      <Filter>Src</Filter>
    </ClInclude>
    <ClInclude Include="D:\code\opencv-code\opencv-windows-build345\modules\features2d\src\fast_score.hpp">
      <Filter>Src</Filter>
    </ClInclude>
    <ClInclude Include="D:\code\opencv-code\opencv-windows-build345\modules\features2d\src\hal_replacement.hpp">
      <Filter>Src</Filter>
    </ClInclude>
    <ClInclude Include="D:\code\opencv-code\opencv-windows-build345\modules\features2d\src\precomp.hpp">
      <Filter>Src</Filter>
    </ClInclude>
    <ClInclude Include="D:\code\opencv-code\opencv-windows-build345\modules\features2d\src\kaze\AKAZEConfig.h">
      <Filter>Src\kaze</Filter>
    </ClInclude>
    <ClInclude Include="D:\code\opencv-code\opencv-windows-build345\modules\features2d\src\kaze\AKAZEFeatures.h">
      <Filter>Src\kaze</Filter>
    </ClInclude>
    <ClInclude Include="D:\code\opencv-code\opencv-windows-build345\modules\features2d\src\kaze\KAZEConfig.h">
      <Filter>Src\kaze</Filter>
    </ClInclude>
    <ClInclude Include="D:\code\opencv-code\opencv-windows-build345\modules\features2d\src\kaze\KAZEFeatures.h">
      <Filter>Src\kaze</Filter>
    </ClInclude>
    <ClInclude Include="D:\code\opencv-code\opencv-windows-build345\modules\features2d\src\kaze\TEvolution.h">
      <Filter>Src\kaze</Filter>
    </ClInclude>
    <ClInclude Include="D:\code\opencv-code\opencv-windows-build345\modules\features2d\src\kaze\fed.h">
      <Filter>Src\kaze</Filter>
    </ClInclude>
    <ClInclude Include="D:\code\opencv-code\opencv-windows-build345\modules\features2d\src\kaze\nldiffusion_functions.h">
      <Filter>Src\kaze</Filter>
    </ClInclude>
    <ClInclude Include="D:\code\opencv-code\opencv-windows-build345\modules\features2d\src\kaze\utils.h">
      <Filter>Src\kaze</Filter>
    </ClInclude>
    <ClInclude Include="D:\code\opencv-code\opencv-windows-build345\build-dnn-gpu\cvconfig.h">
      <Filter>Include</Filter>
    </ClInclude>
    <ClInclude Include="D:\code\opencv-code\opencv-windows-build345\build-dnn-gpu\opencv2\opencv_modules.hpp">
      <Filter>Include</Filter>
    </ClInclude>
  </ItemGroup>
  <ItemGroup>
    <CustomBuild Include="D:\code\opencv-code\opencv-windows-build345\build-dnn-gpu\CMakeFiles\de748f9f6611e49facd93f60b5cf76f9\opencl_kernels_features2d.cpp.rule">
      <Filter>CMake Rules</Filter>
    </CustomBuild>
    <CustomBuild Include="D:\code\opencv-code\opencv-windows-build345\modules\features2d\CMakeLists.txt" />
  </ItemGroup>
  <ItemGroup>
    <None Include="D:\code\opencv-code\opencv-windows-build345\modules\features2d\src\opencl\akaze.cl">
      <Filter>Src\opencl\kernels</Filter>
    </None>
    <None Include="D:\code\opencv-code\opencv-windows-build345\modules\features2d\src\opencl\brute_force_match.cl">
      <Filter>Src\opencl\kernels</Filter>
    </None>
    <None Include="D:\code\opencv-code\opencv-windows-build345\modules\features2d\src\opencl\fast.cl">
      <Filter>Src\opencl\kernels</Filter>
    </None>
    <None Include="D:\code\opencv-code\opencv-windows-build345\modules\features2d\src\opencl\orb.cl">
      <Filter>Src\opencl\kernels</Filter>
    </None>
  </ItemGroup>
  <ItemGroup>
    <ResourceCompile Include="D:\code\opencv-code\opencv-windows-build345\build-dnn-gpu\modules\features2d\vs_version.rc">
      <Filter>Src</Filter>
    </ResourceCompile>
  </ItemGroup>
  <ItemGroup>
    <Filter Include="CMake Rules">
      <UniqueIdentifier>{C80D499D-E6C9-3629-9CAA-D557D6C1E4A1}</UniqueIdentifier>
    </Filter>
    <Filter Include="Include">
      <UniqueIdentifier>{9DF1B291-E6B0-33E4-BC6C-C53AF40E6D59}</UniqueIdentifier>
    </Filter>
    <Filter Include="Include\opencv2">
      <UniqueIdentifier>{41B254F0-6395-3255-A3CA-6FE5F3E47B2E}</UniqueIdentifier>
    </Filter>
    <Filter Include="Include\opencv2\features2d">
      <UniqueIdentifier>{200B3AC3-4793-30EA-894C-066D1A735EA3}</UniqueIdentifier>
    </Filter>
    <Filter Include="Include\opencv2\features2d\hal">
      <UniqueIdentifier>{17AE2413-71E9-34DC-BE3E-D3EF243EF830}</UniqueIdentifier>
    </Filter>
    <Filter Include="Source Files">
      <UniqueIdentifier>{0FA2E0EA-45E7-34D4-BEF7-FD5F6BDEB376}</UniqueIdentifier>
    </Filter>
    <Filter Include="Src">
      <UniqueIdentifier>{CEFABED2-5FDC-3EFB-9917-6D77D1471FF8}</UniqueIdentifier>
    </Filter>
    <Filter Include="Src\kaze">
      <UniqueIdentifier>{ABE57ABE-1459-32D0-BFDC-841338ED2149}</UniqueIdentifier>
    </Filter>
    <Filter Include="Src\opencl">
      <UniqueIdentifier>{C4E68B04-B584-3E18-A51C-9364451F9F37}</UniqueIdentifier>
    </Filter>
    <Filter Include="Src\opencl\kernels">
      <UniqueIdentifier>{471AA378-1429-3BA8-9987-0E79C5459825}</UniqueIdentifier>
    </Filter>
    <Filter Include="Src\opencl\kernels\autogenerated">
      <UniqueIdentifier>{C0CA84DD-264B-3759-BAEE-2AE1E401C8CB}</UniqueIdentifier>
    </Filter>
  </ItemGroup>
</Project>
