<?xml version="1.0" encoding="utf-8"?>
<Project ToolsVersion="12.0" xmlns="http://schemas.microsoft.com/developer/msbuild/2003">
  <ItemGroup>
    <ClCompile Include="..\..\..\modules\photo\src\align.cpp">
      <Filter>Src</Filter>
    </ClCompile>
    <ClCompile Include="..\..\..\modules\photo\src\calibrate.cpp">
      <Filter>Src</Filter>
    </ClCompile>
    <ClCompile Include="..\..\..\modules\photo\src\contrast_preserve.cpp">
      <Filter>Src</Filter>
    </ClCompile>
    <ClCompile Include="..\..\..\modules\photo\src\denoise_tvl1.cpp">
      <Filter>Src</Filter>
    </ClCompile>
    <ClCompile Include="..\..\..\modules\photo\src\denoising.cpp">
      <Filter>Src</Filter>
    </ClCompile>
    <ClCompile Include="..\..\..\modules\photo\src\denoising.cuda.cpp">
      <Filter>Src</Filter>
    </ClCompile>
    <ClCompile Include="..\..\..\modules\photo\src\hdr_common.cpp">
      <Filter>Src</Filter>
    </ClCompile>
    <ClCompile Include="..\..\..\modules\photo\src\inpaint.cpp">
      <Filter>Src</Filter>
    </ClCompile>
    <ClCompile Include="..\..\..\modules\photo\src\merge.cpp">
      <Filter>Src</Filter>
    </ClCompile>
    <ClCompile Include="..\..\..\modules\photo\src\npr.cpp">
      <Filter>Src</Filter>
    </ClCompile>
    <ClCompile Include="..\..\..\modules\photo\src\seamless_cloning.cpp">
      <Filter>Src</Filter>
    </ClCompile>
    <ClCompile Include="..\..\..\modules\photo\src\seamless_cloning_impl.cpp">
      <Filter>Src</Filter>
    </ClCompile>
    <ClCompile Include="..\..\..\modules\photo\src\tonemap.cpp">
      <Filter>Src</Filter>
    </ClCompile>
    <ClCompile Include="..\..\..\build-dnn-gpu\modules\photo\opencl_kernels_photo.cpp">
      <Filter>Src\opencl\kernels\autogenerated</Filter>
    </ClCompile>
    <ClCompile Include="..\..\..\build-dnn-gpu\modules\photo\opencv_photo_pch.cpp">
      <Filter>Src</Filter>
    </ClCompile>
    <ClCompile Include="..\..\..\build-dnn-gpu\modules\photo\opencv_photo_main.cpp">
      <Filter>Source Files</Filter>
    </ClCompile>
  </ItemGroup>
  <ItemGroup>
    <ClInclude Include="..\..\..\modules\photo\include\opencv2\photo.hpp">
      <Filter>Include\opencv2</Filter>
    </ClInclude>
    <ClInclude Include="..\..\..\modules\photo\include\opencv2\photo\cuda.hpp">
      <Filter>Include\opencv2\photo</Filter>
    </ClInclude>
    <ClInclude Include="..\..\..\modules\photo\include\opencv2\photo\photo.hpp">
      <Filter>Include\opencv2\photo</Filter>
    </ClInclude>
    <ClInclude Include="..\..\..\modules\photo\include\opencv2\photo\photo_c.h">
      <Filter>Include\opencv2\photo</Filter>
    </ClInclude>
    <ClInclude Include="..\..\..\build-dnn-gpu\modules\photo\opencl_kernels_photo.hpp">
      <Filter>Src\opencl\kernels\autogenerated</Filter>
    </ClInclude>
    <ClInclude Include="..\..\..\modules\photo\src\arrays.hpp">
      <Filter>Src</Filter>
    </ClInclude>
    <ClInclude Include="..\..\..\modules\photo\src\contrast_preserve.hpp">
      <Filter>Src</Filter>
    </ClInclude>
    <ClInclude Include="..\..\..\modules\photo\src\fast_nlmeans_denoising_invoker.hpp">
      <Filter>Src</Filter>
    </ClInclude>
    <ClInclude Include="..\..\..\modules\photo\src\fast_nlmeans_denoising_invoker_commons.hpp">
      <Filter>Src</Filter>
    </ClInclude>
    <ClInclude Include="..\..\..\modules\photo\src\fast_nlmeans_denoising_opencl.hpp">
      <Filter>Src</Filter>
    </ClInclude>
    <ClInclude Include="..\..\..\modules\photo\src\fast_nlmeans_multi_denoising_invoker.hpp">
      <Filter>Src</Filter>
    </ClInclude>
    <ClInclude Include="..\..\..\modules\photo\src\hdr_common.hpp">
      <Filter>Src</Filter>
    </ClInclude>
    <ClInclude Include="..\..\..\modules\photo\src\npr.hpp">
      <Filter>Src</Filter>
    </ClInclude>
    <ClInclude Include="..\..\..\modules\photo\src\precomp.hpp">
      <Filter>Src</Filter>
    </ClInclude>
    <ClInclude Include="..\..\..\modules\photo\src\seamless_cloning.hpp">
      <Filter>Src</Filter>
    </ClInclude>
    <ClInclude Include="..\..\..\build-dnn-gpu\cvconfig.h">
      <Filter>Include</Filter>
    </ClInclude>
    <ClInclude Include="..\..\..\build-dnn-gpu\opencv2\opencv_modules.hpp">
      <Filter>Include</Filter>
    </ClInclude>
  </ItemGroup>
  <ItemGroup>
    <CustomBuild Include="..\..\..\build-dnn-gpu\CMakeFiles\86da67533d2abf7da1efe1a538ab993f\opencl_kernels_photo.cpp.rule">
      <Filter>CMake Rules</Filter>
    </CustomBuild>
  </ItemGroup>
  <ItemGroup>
    <None Include="..\..\..\modules\photo\src\opencl\nlmeans.cl">
      <Filter>Src\opencl\kernels</Filter>
    </None>
  </ItemGroup>
  <ItemGroup>
    <ResourceCompile Include="..\..\..\build-dnn-gpu\modules\photo\vs_version.rc">
      <Filter>Src</Filter>
    </ResourceCompile>
  </ItemGroup>
  <ItemGroup>
    <Filter Include="CMake Rules">
      <UniqueIdentifier>{C80D499D-E6C9-3629-9CAA-D557D6C1E4A1}</UniqueIdentifier>
    </Filter>
    <Filter Include="Include">
      <UniqueIdentifier>{9DF1B291-E6B0-33E4-BC6C-C53AF40E6D59}</UniqueIdentifier>
    </Filter>
    <Filter Include="Include\opencv2">
      <UniqueIdentifier>{41B254F0-6395-3255-A3CA-6FE5F3E47B2E}</UniqueIdentifier>
    </Filter>
    <Filter Include="Include\opencv2\photo">
      <UniqueIdentifier>{0DB93D33-4F37-3ABE-81A7-1F8AC4D86D92}</UniqueIdentifier>
    </Filter>
    <Filter Include="Object Files">
      <UniqueIdentifier>{51851CEA-0602-31B6-B183-E7C80D198AAF}</UniqueIdentifier>
    </Filter>
    <Filter Include="Source Files">
      <UniqueIdentifier>{0FA2E0EA-45E7-34D4-BEF7-FD5F6BDEB376}</UniqueIdentifier>
    </Filter>
    <Filter Include="Src">
      <UniqueIdentifier>{CEFABED2-5FDC-3EFB-9917-6D77D1471FF8}</UniqueIdentifier>
    </Filter>
    <Filter Include="Src\Cuda">
      <UniqueIdentifier>{E784DE1C-0386-3BF8-A804-7FD6C11053C9}</UniqueIdentifier>
    </Filter>
    <Filter Include="Src\opencl">
      <UniqueIdentifier>{C4E68B04-B584-3E18-A51C-9364451F9F37}</UniqueIdentifier>
    </Filter>
    <Filter Include="Src\opencl\kernels">
      <UniqueIdentifier>{471AA378-1429-3BA8-9987-0E79C5459825}</UniqueIdentifier>
    </Filter>
    <Filter Include="Src\opencl\kernels\autogenerated">
      <UniqueIdentifier>{C0CA84DD-264B-3759-BAEE-2AE1E401C8CB}</UniqueIdentifier>
    </Filter>
  </ItemGroup>
  <ItemGroup>
    <CudaCompile Include="..\..\..\modules\photo\src\cuda\nlm.cu" />
  </ItemGroup>
</Project>