<?xml version="1.0" encoding="utf-8"?>
<Project ToolsVersion="12.0" xmlns="http://schemas.microsoft.com/developer/msbuild/2003">
  <ItemGroup>
    <ClCompile Include="..\..\..\modules\videostab\src\deblurring.cpp">
      <Filter>Src</Filter>
    </ClCompile>
    <ClCompile Include="..\..\..\modules\videostab\src\fast_marching.cpp">
      <Filter>Src</Filter>
    </ClCompile>
    <ClCompile Include="..\..\..\modules\videostab\src\frame_source.cpp">
      <Filter>Src</Filter>
    </ClCompile>
    <ClCompile Include="..\..\..\modules\videostab\src\global_motion.cpp">
      <Filter>Src</Filter>
    </ClCompile>
    <ClCompile Include="..\..\..\modules\videostab\src\inpainting.cpp">
      <Filter>Src</Filter>
    </ClCompile>
    <ClCompile Include="..\..\..\modules\videostab\src\log.cpp">
      <Filter>Src</Filter>
    </ClCompile>
    <ClCompile Include="..\..\..\modules\videostab\src\motion_stabilizing.cpp">
      <Filter>Src</Filter>
    </ClCompile>
    <ClCompile Include="..\..\..\modules\videostab\src\optical_flow.cpp">
      <Filter>Src</Filter>
    </ClCompile>
    <ClCompile Include="..\..\..\modules\videostab\src\outlier_rejection.cpp">
      <Filter>Src</Filter>
    </ClCompile>
    <ClCompile Include="..\..\..\modules\videostab\src\stabilizer.cpp">
      <Filter>Src</Filter>
    </ClCompile>
    <ClCompile Include="..\..\..\modules\videostab\src\wobble_suppression.cpp">
      <Filter>Src</Filter>
    </ClCompile>
    <ClCompile Include="..\..\..\build-dnn-gpu\modules\videostab\opencv_videostab_pch.cpp">
      <Filter>Src</Filter>
    </ClCompile>
    <ClCompile Include="..\..\..\build-dnn-gpu\modules\videostab\opencv_videostab_main.cpp">
      <Filter>Source Files</Filter>
    </ClCompile>
  </ItemGroup>
  <ItemGroup>
    <ClInclude Include="..\..\..\modules\videostab\include\opencv2\videostab.hpp">
      <Filter>Include\opencv2</Filter>
    </ClInclude>
    <ClInclude Include="..\..\..\modules\videostab\include\opencv2\videostab\deblurring.hpp">
      <Filter>Include\opencv2\videostab</Filter>
    </ClInclude>
    <ClInclude Include="..\..\..\modules\videostab\include\opencv2\videostab\fast_marching.hpp">
      <Filter>Include\opencv2\videostab</Filter>
    </ClInclude>
    <ClInclude Include="..\..\..\modules\videostab\include\opencv2\videostab\fast_marching_inl.hpp">
      <Filter>Include\opencv2\videostab</Filter>
    </ClInclude>
    <ClInclude Include="..\..\..\modules\videostab\include\opencv2\videostab\frame_source.hpp">
      <Filter>Include\opencv2\videostab</Filter>
    </ClInclude>
    <ClInclude Include="..\..\..\modules\videostab\include\opencv2\videostab\global_motion.hpp">
      <Filter>Include\opencv2\videostab</Filter>
    </ClInclude>
    <ClInclude Include="..\..\..\modules\videostab\include\opencv2\videostab\inpainting.hpp">
      <Filter>Include\opencv2\videostab</Filter>
    </ClInclude>
    <ClInclude Include="..\..\..\modules\videostab\include\opencv2\videostab\log.hpp">
      <Filter>Include\opencv2\videostab</Filter>
    </ClInclude>
    <ClInclude Include="..\..\..\modules\videostab\include\opencv2\videostab\motion_core.hpp">
      <Filter>Include\opencv2\videostab</Filter>
    </ClInclude>
    <ClInclude Include="..\..\..\modules\videostab\include\opencv2\videostab\motion_stabilizing.hpp">
      <Filter>Include\opencv2\videostab</Filter>
    </ClInclude>
    <ClInclude Include="..\..\..\modules\videostab\include\opencv2\videostab\optical_flow.hpp">
      <Filter>Include\opencv2\videostab</Filter>
    </ClInclude>
    <ClInclude Include="..\..\..\modules\videostab\include\opencv2\videostab\outlier_rejection.hpp">
      <Filter>Include\opencv2\videostab</Filter>
    </ClInclude>
    <ClInclude Include="..\..\..\modules\videostab\include\opencv2\videostab\ring_buffer.hpp">
      <Filter>Include\opencv2\videostab</Filter>
    </ClInclude>
    <ClInclude Include="..\..\..\modules\videostab\include\opencv2\videostab\stabilizer.hpp">
      <Filter>Include\opencv2\videostab</Filter>
    </ClInclude>
    <ClInclude Include="..\..\..\modules\videostab\include\opencv2\videostab\wobble_suppression.hpp">
      <Filter>Include\opencv2\videostab</Filter>
    </ClInclude>
    <ClInclude Include="..\..\..\modules\videostab\src\clp.hpp">
      <Filter>Src</Filter>
    </ClInclude>
    <ClInclude Include="..\..\..\modules\videostab\src\precomp.hpp">
      <Filter>Src</Filter>
    </ClInclude>
    <ClInclude Include="..\..\..\build-dnn-gpu\cvconfig.h">
      <Filter>Include</Filter>
    </ClInclude>
    <ClInclude Include="..\..\..\build-dnn-gpu\opencv2\opencv_modules.hpp">
      <Filter>Include</Filter>
    </ClInclude>
  </ItemGroup>
  <ItemGroup>
    <ResourceCompile Include="..\..\..\build-dnn-gpu\modules\videostab\vs_version.rc">
      <Filter>Src</Filter>
    </ResourceCompile>
  </ItemGroup>
  <ItemGroup>
    <Filter Include="Include">
      <UniqueIdentifier>{9DF1B291-E6B0-33E4-BC6C-C53AF40E6D59}</UniqueIdentifier>
    </Filter>
    <Filter Include="Include\opencv2">
      <UniqueIdentifier>{41B254F0-6395-3255-A3CA-6FE5F3E47B2E}</UniqueIdentifier>
    </Filter>
    <Filter Include="Include\opencv2\videostab">
      <UniqueIdentifier>{8C3DE108-8934-33FE-8B79-54475E60BA92}</UniqueIdentifier>
    </Filter>
    <Filter Include="Source Files">
      <UniqueIdentifier>{0FA2E0EA-45E7-34D4-BEF7-FD5F6BDEB376}</UniqueIdentifier>
    </Filter>
    <Filter Include="Src">
      <UniqueIdentifier>{CEFABED2-5FDC-3EFB-9917-6D77D1471FF8}</UniqueIdentifier>
    </Filter>
    <Filter Include="Src\Cuda">
      <UniqueIdentifier>{E784DE1C-0386-3BF8-A804-7FD6C11053C9}</UniqueIdentifier>
    </Filter>
  </ItemGroup>
  <ItemGroup>
    <CudaCompile Include="..\..\..\modules\videostab\src\cuda\global_motion.cu">
      <Filter>Src\Cuda</Filter>
    </CudaCompile>
  </ItemGroup>
</Project>