Microsoft Visual Studio Solution File, Format Version 12.00
# Visual Studio 2013
Project("{2150E333-8FDC-42A3-9474-1A3956D46DE8}") = "3rdparty", "3rdparty", "{BCF3C06C-5D15-330A-96C4-54D92EEB76CD}"
EndProject
Project("{2150E333-8FDC-42A3-9474-1A3956D46DE8}") = "CMakeTargets", "CMakeTargets", "{8821DD92-FCA4-37D0-882F-6BA54DEF3C9A}"
EndProject
Project("{2150E333-8FDC-42A3-9474-1A3956D46DE8}") = "dispatched", "dispatched", "{EC26A259-F61F-3E95-85A4-DA4075FEC046}"
EndProject
Project("{2150E333-8FDC-42A3-9474-1A3956D46DE8}") = "extra", "extra", "{01E18543-7313-3F45-AADE-4DA6806FC024}"
EndProject
Project("{2150E333-8FDC-42A3-9474-1A3956D46DE8}") = "modules", "modules", "{ABB322EC-65F2-3462-8AE7-F5B4795E1525}"
EndProject
Project("{8BC9CEB8-8B4A-11D0-8D11-00A0C91BC942}") = "ALL_BUILD", "ALL_BUILD.vcxproj", "{1AC2AB98-72C9-3F84-84EC-EBAB7E21D8D6}"
	ProjectSection(ProjectDependencies) = postProject
		{A1269DED-497E-306A-885A-E935664A0CC4} = {A1269DED-497E-306A-885A-E935664A0CC4}
		{2BC246F0-4DD2-36A3-9CE8-401B370D7A7B} = {2BC246F0-4DD2-36A3-9CE8-401B370D7A7B}
		{13CE5952-EDE2-3304-ABF8-8C4E8E86090C} = {13CE5952-EDE2-3304-ABF8-8C4E8E86090C}
		{E6DF1F89-C7D7-336B-8B55-419E1D9BB7FA} = {E6DF1F89-C7D7-336B-8B55-419E1D9BB7FA}
		{1D355244-52AF-3074-9BCA-5C79E50FF1F5} = {1D355244-52AF-3074-9BCA-5C79E50FF1F5}
		{11E027A0-5AEA-342B-9D9D-6E47A551B7C1} = {11E027A0-5AEA-342B-9D9D-6E47A551B7C1}
		{19B493E0-5DB5-3845-8D28-568D1B62E45A} = {19B493E0-5DB5-3845-8D28-568D1B62E45A}
		{D7EBB76E-6930-3CE8-A9AA-71A4FCBED482} = {D7EBB76E-6930-3CE8-A9AA-71A4FCBED482}
		{DB096851-DD3E-3E4E-A726-7F6D73911413} = {DB096851-DD3E-3E4E-A726-7F6D73911413}
		{64A7DA8A-711C-3685-BB0F-E1EF16039320} = {64A7DA8A-711C-3685-BB0F-E1EF16039320}
		{6E4EC9BE-ED98-38B4-AA9F-B64BA4C68324} = {6E4EC9BE-ED98-38B4-AA9F-B64BA4C68324}
		{0F412C32-E27E-32DD-B948-03378ABA0D4B} = {0F412C32-E27E-32DD-B948-03378ABA0D4B}
		{EF594D11-B2B0-3622-A98B-291C36194227} = {EF594D11-B2B0-3622-A98B-291C36194227}
		{38336D79-20C5-3F96-B4E4-A080A86B0B1E} = {38336D79-20C5-3F96-B4E4-A080A86B0B1E}
		{7F9C73AC-B90C-3CC7-A669-E084F3608E32} = {7F9C73AC-B90C-3CC7-A669-E084F3608E32}
		{9322BE82-8003-3E86-86FC-168C3A227319} = {9322BE82-8003-3E86-86FC-168C3A227319}
		{1E682D63-2882-3690-B848-6222F35C3835} = {1E682D63-2882-3690-B848-6222F35C3835}
		{EDD5D2D3-5FF8-3E04-8A95-68AECFB93185} = {EDD5D2D3-5FF8-3E04-8A95-68AECFB93185}
		{9ED50369-3F39-3D13-B805-A21E27D4BBED} = {9ED50369-3F39-3D13-B805-A21E27D4BBED}
		{3925F2E8-581B-3897-A91C-C9220797A390} = {3925F2E8-581B-3897-A91C-C9220797A390}
		{2C3FBE63-74E9-341E-82E7-D56314B5BD8B} = {2C3FBE63-74E9-341E-82E7-D56314B5BD8B}
		{47CAFCD1-AA24-3BF3-B450-9A85B7857A7D} = {47CAFCD1-AA24-3BF3-B450-9A85B7857A7D}
		{5757A4E0-AD3F-319D-931F-E00CDFB36996} = {5757A4E0-AD3F-319D-931F-E00CDFB36996}
		{6E38D95D-7533-36B6-8364-578E8957CBDB} = {6E38D95D-7533-36B6-8364-578E8957CBDB}
		{3F1F7CAE-1AA9-30FC-B57C-FD12AC5F9590} = {3F1F7CAE-1AA9-30FC-B57C-FD12AC5F9590}
		{397A4427-A743-3797-96EE-D33D94E17491} = {397A4427-A743-3797-96EE-D33D94E17491}
		{BB7984E6-E89F-3B09-A680-90CE7C82A936} = {BB7984E6-E89F-3B09-A680-90CE7C82A936}
		{778374C6-F80C-3541-A29A-C50D25CD382E} = {778374C6-F80C-3541-A29A-C50D25CD382E}
		{947A5D26-5442-3D3A-95AB-3A61306AA9B5} = {947A5D26-5442-3D3A-95AB-3A61306AA9B5}
		{1D42C3BB-5F67-37A4-BB76-DDC85E51701A} = {1D42C3BB-5F67-37A4-BB76-DDC85E51701A}
		{A080E10E-51B0-3A1B-9D81-3DD042D283DC} = {A080E10E-51B0-3A1B-9D81-3DD042D283DC}
		{18A3E4F5-E58D-33FE-98C0-D552FDFE6C05} = {18A3E4F5-E58D-33FE-98C0-D552FDFE6C05}
		{D5DC2487-7E0C-3315-86B1-EAA8A964A097} = {D5DC2487-7E0C-3315-86B1-EAA8A964A097}
		{9617DC77-3509-3417-A02F-86037EDACBD3} = {9617DC77-3509-3417-A02F-86037EDACBD3}
		{39B3548F-5B85-3350-A1FC-100711E97B1A} = {39B3548F-5B85-3350-A1FC-100711E97B1A}
		{81C1F8D6-BA83-3702-B58D-A908176D17F8} = {81C1F8D6-BA83-3702-B58D-A908176D17F8}
		{A437CDE6-339C-334E-98DD-708B0568A1C1} = {A437CDE6-339C-334E-98DD-708B0568A1C1}
		{F935B8F9-DC2A-35AC-B655-F05CE4BEB3D3} = {F935B8F9-DC2A-35AC-B655-F05CE4BEB3D3}
		{A43A5E22-33C8-3E18-B323-56AD3897A9B3} = {A43A5E22-33C8-3E18-B323-56AD3897A9B3}
		{EEA7439C-060D-3967-9290-80FB7A9F9E1F} = {EEA7439C-060D-3967-9290-80FB7A9F9E1F}
		{47146F9B-20AF-3747-B1AB-BBD6109F653D} = {47146F9B-20AF-3747-B1AB-BBD6109F653D}
	EndProjectSection
EndProject
Project("{8BC9CEB8-8B4A-11D0-8D11-00A0C91BC942}") = "INSTALL", "INSTALL.vcxproj", "{118E814A-0B32-35E2-8515-6BF965C2C829}"
	ProjectSection(ProjectDependencies) = postProject
		{1AC2AB98-72C9-3F84-84EC-EBAB7E21D8D6} = {1AC2AB98-72C9-3F84-84EC-EBAB7E21D8D6}
		{A1269DED-497E-306A-885A-E935664A0CC4} = {A1269DED-497E-306A-885A-E935664A0CC4}
	EndProjectSection
EndProject
Project("{8BC9CEB8-8B4A-11D0-8D11-00A0C91BC942}") = "PACKAGE", "PACKAGE.vcxproj", "{47D45E07-8371-315D-84D6-65691B6972BE}"
	ProjectSection(ProjectDependencies) = postProject
		{1AC2AB98-72C9-3F84-84EC-EBAB7E21D8D6} = {1AC2AB98-72C9-3F84-84EC-EBAB7E21D8D6}
		{A1269DED-497E-306A-885A-E935664A0CC4} = {A1269DED-497E-306A-885A-E935664A0CC4}
	EndProjectSection
EndProject
Project("{8BC9CEB8-8B4A-11D0-8D11-00A0C91BC942}") = "RUN_TESTS", "RUN_TESTS.vcxproj", "{F5142EFE-DC2F-3ECB-B212-88AEB2BCD072}"
	ProjectSection(ProjectDependencies) = postProject
		{A1269DED-497E-306A-885A-E935664A0CC4} = {A1269DED-497E-306A-885A-E935664A0CC4}
	EndProjectSection
EndProject
Project("{8BC9CEB8-8B4A-11D0-8D11-00A0C91BC942}") = "ZERO_CHECK", "ZERO_CHECK.vcxproj", "{A1269DED-497E-306A-885A-E935664A0CC4}"
	ProjectSection(ProjectDependencies) = postProject
	EndProjectSection
EndProject
Project("{8BC9CEB8-8B4A-11D0-8D11-00A0C91BC942}") = "libjpeg-turbo", "3rdparty\libjpeg-turbo\libjpeg-turbo.vcxproj", "{2BC246F0-4DD2-36A3-9CE8-401B370D7A7B}"
	ProjectSection(ProjectDependencies) = postProject
		{A1269DED-497E-306A-885A-E935664A0CC4} = {A1269DED-497E-306A-885A-E935664A0CC4}
	EndProjectSection
EndProject
Project("{8BC9CEB8-8B4A-11D0-8D11-00A0C91BC942}") = "libpng", "3rdparty\libpng\libpng.vcxproj", "{13CE5952-EDE2-3304-ABF8-8C4E8E86090C}"
	ProjectSection(ProjectDependencies) = postProject
		{A1269DED-497E-306A-885A-E935664A0CC4} = {A1269DED-497E-306A-885A-E935664A0CC4}
		{47146F9B-20AF-3747-B1AB-BBD6109F653D} = {47146F9B-20AF-3747-B1AB-BBD6109F653D}
	EndProjectSection
EndProject
Project("{8BC9CEB8-8B4A-11D0-8D11-00A0C91BC942}") = "libprotobuf", "3rdparty\protobuf\libprotobuf.vcxproj", "{E6DF1F89-C7D7-336B-8B55-419E1D9BB7FA}"
	ProjectSection(ProjectDependencies) = postProject
		{A1269DED-497E-306A-885A-E935664A0CC4} = {A1269DED-497E-306A-885A-E935664A0CC4}
	EndProjectSection
EndProject
Project("{8BC9CEB8-8B4A-11D0-8D11-00A0C91BC942}") = "opencv_calib3d", "modules\calib3d\opencv_calib3d.vcxproj", "{1D355244-52AF-3074-9BCA-5C79E50FF1F5}"
	ProjectSection(ProjectDependencies) = postProject
		{A1269DED-497E-306A-885A-E935664A0CC4} = {A1269DED-497E-306A-885A-E935664A0CC4}
		{11E027A0-5AEA-342B-9D9D-6E47A551B7C1} = {11E027A0-5AEA-342B-9D9D-6E47A551B7C1}
		{2C3FBE63-74E9-341E-82E7-D56314B5BD8B} = {2C3FBE63-74E9-341E-82E7-D56314B5BD8B}
		{6E38D95D-7533-36B6-8364-578E8957CBDB} = {6E38D95D-7533-36B6-8364-578E8957CBDB}
		{3F1F7CAE-1AA9-30FC-B57C-FD12AC5F9590} = {3F1F7CAE-1AA9-30FC-B57C-FD12AC5F9590}
		{397A4427-A743-3797-96EE-D33D94E17491} = {397A4427-A743-3797-96EE-D33D94E17491}
		{BB7984E6-E89F-3B09-A680-90CE7C82A936} = {BB7984E6-E89F-3B09-A680-90CE7C82A936}
		{778374C6-F80C-3541-A29A-C50D25CD382E} = {778374C6-F80C-3541-A29A-C50D25CD382E}
		{A43A5E22-33C8-3E18-B323-56AD3897A9B3} = {A43A5E22-33C8-3E18-B323-56AD3897A9B3}
	EndProjectSection
EndProject
Project("{8BC9CEB8-8B4A-11D0-8D11-00A0C91BC942}") = "opencv_core", "modules\core\opencv_core.vcxproj", "{11E027A0-5AEA-342B-9D9D-6E47A551B7C1}"
	ProjectSection(ProjectDependencies) = postProject
		{A1269DED-497E-306A-885A-E935664A0CC4} = {A1269DED-497E-306A-885A-E935664A0CC4}
		{19B493E0-5DB5-3845-8D28-568D1B62E45A} = {19B493E0-5DB5-3845-8D28-568D1B62E45A}
		{D7EBB76E-6930-3CE8-A9AA-71A4FCBED482} = {D7EBB76E-6930-3CE8-A9AA-71A4FCBED482}
		{DB096851-DD3E-3E4E-A726-7F6D73911413} = {DB096851-DD3E-3E4E-A726-7F6D73911413}
		{2C3FBE63-74E9-341E-82E7-D56314B5BD8B} = {2C3FBE63-74E9-341E-82E7-D56314B5BD8B}
		{47146F9B-20AF-3747-B1AB-BBD6109F653D} = {47146F9B-20AF-3747-B1AB-BBD6109F653D}
	EndProjectSection
EndProject
Project("{8BC9CEB8-8B4A-11D0-8D11-00A0C91BC942}") = "opencv_core_AVX", "modules\core\opencv_core_AVX.vcxproj", "{19B493E0-5DB5-3845-8D28-568D1B62E45A}"
	ProjectSection(ProjectDependencies) = postProject
		{A1269DED-497E-306A-885A-E935664A0CC4} = {A1269DED-497E-306A-885A-E935664A0CC4}
	EndProjectSection
EndProject
Project("{8BC9CEB8-8B4A-11D0-8D11-00A0C91BC942}") = "opencv_core_SSE4_1", "modules\core\opencv_core_SSE4_1.vcxproj", "{D7EBB76E-6930-3CE8-A9AA-71A4FCBED482}"
	ProjectSection(ProjectDependencies) = postProject
		{A1269DED-497E-306A-885A-E935664A0CC4} = {A1269DED-497E-306A-885A-E935664A0CC4}
	EndProjectSection
EndProject
Project("{8BC9CEB8-8B4A-11D0-8D11-00A0C91BC942}") = "opencv_core_SSE4_2", "modules\core\opencv_core_SSE4_2.vcxproj", "{DB096851-DD3E-3E4E-A726-7F6D73911413}"
	ProjectSection(ProjectDependencies) = postProject
		{A1269DED-497E-306A-885A-E935664A0CC4} = {A1269DED-497E-306A-885A-E935664A0CC4}
	EndProjectSection
EndProject
Project("{8BC9CEB8-8B4A-11D0-8D11-00A0C91BC942}") = "opencv_cudaarithm", "modules\cudaarithm\opencv_cudaarithm.vcxproj", "{64A7DA8A-711C-3685-BB0F-E1EF16039320}"
	ProjectSection(ProjectDependencies) = postProject
		{A1269DED-497E-306A-885A-E935664A0CC4} = {A1269DED-497E-306A-885A-E935664A0CC4}
		{11E027A0-5AEA-342B-9D9D-6E47A551B7C1} = {11E027A0-5AEA-342B-9D9D-6E47A551B7C1}
		{2C3FBE63-74E9-341E-82E7-D56314B5BD8B} = {2C3FBE63-74E9-341E-82E7-D56314B5BD8B}
	EndProjectSection
EndProject
Project("{8BC9CEB8-8B4A-11D0-8D11-00A0C91BC942}") = "opencv_cudabgsegm", "modules\cudabgsegm\opencv_cudabgsegm.vcxproj", "{6E4EC9BE-ED98-38B4-AA9F-B64BA4C68324}"
	ProjectSection(ProjectDependencies) = postProject
		{A1269DED-497E-306A-885A-E935664A0CC4} = {A1269DED-497E-306A-885A-E935664A0CC4}
		{11E027A0-5AEA-342B-9D9D-6E47A551B7C1} = {11E027A0-5AEA-342B-9D9D-6E47A551B7C1}
		{2C3FBE63-74E9-341E-82E7-D56314B5BD8B} = {2C3FBE63-74E9-341E-82E7-D56314B5BD8B}
		{778374C6-F80C-3541-A29A-C50D25CD382E} = {778374C6-F80C-3541-A29A-C50D25CD382E}
		{F935B8F9-DC2A-35AC-B655-F05CE4BEB3D3} = {F935B8F9-DC2A-35AC-B655-F05CE4BEB3D3}
	EndProjectSection
EndProject
Project("{8BC9CEB8-8B4A-11D0-8D11-00A0C91BC942}") = "opencv_cudacodec", "modules\cudacodec\opencv_cudacodec.vcxproj", "{0F412C32-E27E-32DD-B948-03378ABA0D4B}"
	ProjectSection(ProjectDependencies) = postProject
		{A1269DED-497E-306A-885A-E935664A0CC4} = {A1269DED-497E-306A-885A-E935664A0CC4}
		{11E027A0-5AEA-342B-9D9D-6E47A551B7C1} = {11E027A0-5AEA-342B-9D9D-6E47A551B7C1}
		{2C3FBE63-74E9-341E-82E7-D56314B5BD8B} = {2C3FBE63-74E9-341E-82E7-D56314B5BD8B}
		{BB7984E6-E89F-3B09-A680-90CE7C82A936} = {BB7984E6-E89F-3B09-A680-90CE7C82A936}
		{778374C6-F80C-3541-A29A-C50D25CD382E} = {778374C6-F80C-3541-A29A-C50D25CD382E}
		{A43A5E22-33C8-3E18-B323-56AD3897A9B3} = {A43A5E22-33C8-3E18-B323-56AD3897A9B3}
	EndProjectSection
EndProject
Project("{8BC9CEB8-8B4A-11D0-8D11-00A0C91BC942}") = "opencv_cudafeatures2d", "modules\cudafeatures2d\opencv_cudafeatures2d.vcxproj", "{EF594D11-B2B0-3622-A98B-291C36194227}"
	ProjectSection(ProjectDependencies) = postProject
		{A1269DED-497E-306A-885A-E935664A0CC4} = {A1269DED-497E-306A-885A-E935664A0CC4}
		{11E027A0-5AEA-342B-9D9D-6E47A551B7C1} = {11E027A0-5AEA-342B-9D9D-6E47A551B7C1}
		{64A7DA8A-711C-3685-BB0F-E1EF16039320} = {64A7DA8A-711C-3685-BB0F-E1EF16039320}
		{38336D79-20C5-3F96-B4E4-A080A86B0B1E} = {38336D79-20C5-3F96-B4E4-A080A86B0B1E}
		{3925F2E8-581B-3897-A91C-C9220797A390} = {3925F2E8-581B-3897-A91C-C9220797A390}
		{2C3FBE63-74E9-341E-82E7-D56314B5BD8B} = {2C3FBE63-74E9-341E-82E7-D56314B5BD8B}
		{6E38D95D-7533-36B6-8364-578E8957CBDB} = {6E38D95D-7533-36B6-8364-578E8957CBDB}
		{3F1F7CAE-1AA9-30FC-B57C-FD12AC5F9590} = {3F1F7CAE-1AA9-30FC-B57C-FD12AC5F9590}
		{397A4427-A743-3797-96EE-D33D94E17491} = {397A4427-A743-3797-96EE-D33D94E17491}
		{BB7984E6-E89F-3B09-A680-90CE7C82A936} = {BB7984E6-E89F-3B09-A680-90CE7C82A936}
		{778374C6-F80C-3541-A29A-C50D25CD382E} = {778374C6-F80C-3541-A29A-C50D25CD382E}
		{A43A5E22-33C8-3E18-B323-56AD3897A9B3} = {A43A5E22-33C8-3E18-B323-56AD3897A9B3}
	EndProjectSection
EndProject
Project("{8BC9CEB8-8B4A-11D0-8D11-00A0C91BC942}") = "opencv_cudafilters", "modules\cudafilters\opencv_cudafilters.vcxproj", "{38336D79-20C5-3F96-B4E4-A080A86B0B1E}"
	ProjectSection(ProjectDependencies) = postProject
		{A1269DED-497E-306A-885A-E935664A0CC4} = {A1269DED-497E-306A-885A-E935664A0CC4}
		{11E027A0-5AEA-342B-9D9D-6E47A551B7C1} = {11E027A0-5AEA-342B-9D9D-6E47A551B7C1}
		{64A7DA8A-711C-3685-BB0F-E1EF16039320} = {64A7DA8A-711C-3685-BB0F-E1EF16039320}
		{2C3FBE63-74E9-341E-82E7-D56314B5BD8B} = {2C3FBE63-74E9-341E-82E7-D56314B5BD8B}
		{778374C6-F80C-3541-A29A-C50D25CD382E} = {778374C6-F80C-3541-A29A-C50D25CD382E}
	EndProjectSection
EndProject
Project("{8BC9CEB8-8B4A-11D0-8D11-00A0C91BC942}") = "opencv_cudaimgproc", "modules\cudaimgproc\opencv_cudaimgproc.vcxproj", "{7F9C73AC-B90C-3CC7-A669-E084F3608E32}"
	ProjectSection(ProjectDependencies) = postProject
		{A1269DED-497E-306A-885A-E935664A0CC4} = {A1269DED-497E-306A-885A-E935664A0CC4}
		{11E027A0-5AEA-342B-9D9D-6E47A551B7C1} = {11E027A0-5AEA-342B-9D9D-6E47A551B7C1}
		{64A7DA8A-711C-3685-BB0F-E1EF16039320} = {64A7DA8A-711C-3685-BB0F-E1EF16039320}
		{38336D79-20C5-3F96-B4E4-A080A86B0B1E} = {38336D79-20C5-3F96-B4E4-A080A86B0B1E}
		{2C3FBE63-74E9-341E-82E7-D56314B5BD8B} = {2C3FBE63-74E9-341E-82E7-D56314B5BD8B}
		{778374C6-F80C-3541-A29A-C50D25CD382E} = {778374C6-F80C-3541-A29A-C50D25CD382E}
	EndProjectSection
EndProject
Project("{8BC9CEB8-8B4A-11D0-8D11-00A0C91BC942}") = "opencv_cudalegacy", "modules\cudalegacy\opencv_cudalegacy.vcxproj", "{9322BE82-8003-3E86-86FC-168C3A227319}"
	ProjectSection(ProjectDependencies) = postProject
		{A1269DED-497E-306A-885A-E935664A0CC4} = {A1269DED-497E-306A-885A-E935664A0CC4}
		{1D355244-52AF-3074-9BCA-5C79E50FF1F5} = {1D355244-52AF-3074-9BCA-5C79E50FF1F5}
		{11E027A0-5AEA-342B-9D9D-6E47A551B7C1} = {11E027A0-5AEA-342B-9D9D-6E47A551B7C1}
		{64A7DA8A-711C-3685-BB0F-E1EF16039320} = {64A7DA8A-711C-3685-BB0F-E1EF16039320}
		{38336D79-20C5-3F96-B4E4-A080A86B0B1E} = {38336D79-20C5-3F96-B4E4-A080A86B0B1E}
		{7F9C73AC-B90C-3CC7-A669-E084F3608E32} = {7F9C73AC-B90C-3CC7-A669-E084F3608E32}
		{2C3FBE63-74E9-341E-82E7-D56314B5BD8B} = {2C3FBE63-74E9-341E-82E7-D56314B5BD8B}
		{6E38D95D-7533-36B6-8364-578E8957CBDB} = {6E38D95D-7533-36B6-8364-578E8957CBDB}
		{3F1F7CAE-1AA9-30FC-B57C-FD12AC5F9590} = {3F1F7CAE-1AA9-30FC-B57C-FD12AC5F9590}
		{397A4427-A743-3797-96EE-D33D94E17491} = {397A4427-A743-3797-96EE-D33D94E17491}
		{BB7984E6-E89F-3B09-A680-90CE7C82A936} = {BB7984E6-E89F-3B09-A680-90CE7C82A936}
		{778374C6-F80C-3541-A29A-C50D25CD382E} = {778374C6-F80C-3541-A29A-C50D25CD382E}
		{18A3E4F5-E58D-33FE-98C0-D552FDFE6C05} = {18A3E4F5-E58D-33FE-98C0-D552FDFE6C05}
		{F935B8F9-DC2A-35AC-B655-F05CE4BEB3D3} = {F935B8F9-DC2A-35AC-B655-F05CE4BEB3D3}
		{A43A5E22-33C8-3E18-B323-56AD3897A9B3} = {A43A5E22-33C8-3E18-B323-56AD3897A9B3}
	EndProjectSection
EndProject
Project("{8BC9CEB8-8B4A-11D0-8D11-00A0C91BC942}") = "opencv_cudaobjdetect", "modules\cudaobjdetect\opencv_cudaobjdetect.vcxproj", "{1E682D63-2882-3690-B848-6222F35C3835}"
	ProjectSection(ProjectDependencies) = postProject
		{A1269DED-497E-306A-885A-E935664A0CC4} = {A1269DED-497E-306A-885A-E935664A0CC4}
		{1D355244-52AF-3074-9BCA-5C79E50FF1F5} = {1D355244-52AF-3074-9BCA-5C79E50FF1F5}
		{11E027A0-5AEA-342B-9D9D-6E47A551B7C1} = {11E027A0-5AEA-342B-9D9D-6E47A551B7C1}
		{64A7DA8A-711C-3685-BB0F-E1EF16039320} = {64A7DA8A-711C-3685-BB0F-E1EF16039320}
		{38336D79-20C5-3F96-B4E4-A080A86B0B1E} = {38336D79-20C5-3F96-B4E4-A080A86B0B1E}
		{7F9C73AC-B90C-3CC7-A669-E084F3608E32} = {7F9C73AC-B90C-3CC7-A669-E084F3608E32}
		{9322BE82-8003-3E86-86FC-168C3A227319} = {9322BE82-8003-3E86-86FC-168C3A227319}
		{3925F2E8-581B-3897-A91C-C9220797A390} = {3925F2E8-581B-3897-A91C-C9220797A390}
		{2C3FBE63-74E9-341E-82E7-D56314B5BD8B} = {2C3FBE63-74E9-341E-82E7-D56314B5BD8B}
		{6E38D95D-7533-36B6-8364-578E8957CBDB} = {6E38D95D-7533-36B6-8364-578E8957CBDB}
		{3F1F7CAE-1AA9-30FC-B57C-FD12AC5F9590} = {3F1F7CAE-1AA9-30FC-B57C-FD12AC5F9590}
		{397A4427-A743-3797-96EE-D33D94E17491} = {397A4427-A743-3797-96EE-D33D94E17491}
		{BB7984E6-E89F-3B09-A680-90CE7C82A936} = {BB7984E6-E89F-3B09-A680-90CE7C82A936}
		{778374C6-F80C-3541-A29A-C50D25CD382E} = {778374C6-F80C-3541-A29A-C50D25CD382E}
		{18A3E4F5-E58D-33FE-98C0-D552FDFE6C05} = {18A3E4F5-E58D-33FE-98C0-D552FDFE6C05}
		{F935B8F9-DC2A-35AC-B655-F05CE4BEB3D3} = {F935B8F9-DC2A-35AC-B655-F05CE4BEB3D3}
		{A43A5E22-33C8-3E18-B323-56AD3897A9B3} = {A43A5E22-33C8-3E18-B323-56AD3897A9B3}
	EndProjectSection
EndProject
Project("{8BC9CEB8-8B4A-11D0-8D11-00A0C91BC942}") = "opencv_cudaoptflow", "modules\cudaoptflow\opencv_cudaoptflow.vcxproj", "{EDD5D2D3-5FF8-3E04-8A95-68AECFB93185}"
	ProjectSection(ProjectDependencies) = postProject
		{A1269DED-497E-306A-885A-E935664A0CC4} = {A1269DED-497E-306A-885A-E935664A0CC4}
		{1D355244-52AF-3074-9BCA-5C79E50FF1F5} = {1D355244-52AF-3074-9BCA-5C79E50FF1F5}
		{11E027A0-5AEA-342B-9D9D-6E47A551B7C1} = {11E027A0-5AEA-342B-9D9D-6E47A551B7C1}
		{64A7DA8A-711C-3685-BB0F-E1EF16039320} = {64A7DA8A-711C-3685-BB0F-E1EF16039320}
		{38336D79-20C5-3F96-B4E4-A080A86B0B1E} = {38336D79-20C5-3F96-B4E4-A080A86B0B1E}
		{7F9C73AC-B90C-3CC7-A669-E084F3608E32} = {7F9C73AC-B90C-3CC7-A669-E084F3608E32}
		{9322BE82-8003-3E86-86FC-168C3A227319} = {9322BE82-8003-3E86-86FC-168C3A227319}
		{3925F2E8-581B-3897-A91C-C9220797A390} = {3925F2E8-581B-3897-A91C-C9220797A390}
		{2C3FBE63-74E9-341E-82E7-D56314B5BD8B} = {2C3FBE63-74E9-341E-82E7-D56314B5BD8B}
		{6E38D95D-7533-36B6-8364-578E8957CBDB} = {6E38D95D-7533-36B6-8364-578E8957CBDB}
		{3F1F7CAE-1AA9-30FC-B57C-FD12AC5F9590} = {3F1F7CAE-1AA9-30FC-B57C-FD12AC5F9590}
		{397A4427-A743-3797-96EE-D33D94E17491} = {397A4427-A743-3797-96EE-D33D94E17491}
		{BB7984E6-E89F-3B09-A680-90CE7C82A936} = {BB7984E6-E89F-3B09-A680-90CE7C82A936}
		{778374C6-F80C-3541-A29A-C50D25CD382E} = {778374C6-F80C-3541-A29A-C50D25CD382E}
		{18A3E4F5-E58D-33FE-98C0-D552FDFE6C05} = {18A3E4F5-E58D-33FE-98C0-D552FDFE6C05}
		{F935B8F9-DC2A-35AC-B655-F05CE4BEB3D3} = {F935B8F9-DC2A-35AC-B655-F05CE4BEB3D3}
		{A43A5E22-33C8-3E18-B323-56AD3897A9B3} = {A43A5E22-33C8-3E18-B323-56AD3897A9B3}
	EndProjectSection
EndProject
Project("{8BC9CEB8-8B4A-11D0-8D11-00A0C91BC942}") = "opencv_cudastereo", "modules\cudastereo\opencv_cudastereo.vcxproj", "{9ED50369-3F39-3D13-B805-A21E27D4BBED}"
	ProjectSection(ProjectDependencies) = postProject
		{A1269DED-497E-306A-885A-E935664A0CC4} = {A1269DED-497E-306A-885A-E935664A0CC4}
		{1D355244-52AF-3074-9BCA-5C79E50FF1F5} = {1D355244-52AF-3074-9BCA-5C79E50FF1F5}
		{11E027A0-5AEA-342B-9D9D-6E47A551B7C1} = {11E027A0-5AEA-342B-9D9D-6E47A551B7C1}
		{2C3FBE63-74E9-341E-82E7-D56314B5BD8B} = {2C3FBE63-74E9-341E-82E7-D56314B5BD8B}
		{6E38D95D-7533-36B6-8364-578E8957CBDB} = {6E38D95D-7533-36B6-8364-578E8957CBDB}
		{3F1F7CAE-1AA9-30FC-B57C-FD12AC5F9590} = {3F1F7CAE-1AA9-30FC-B57C-FD12AC5F9590}
		{397A4427-A743-3797-96EE-D33D94E17491} = {397A4427-A743-3797-96EE-D33D94E17491}
		{BB7984E6-E89F-3B09-A680-90CE7C82A936} = {BB7984E6-E89F-3B09-A680-90CE7C82A936}
		{778374C6-F80C-3541-A29A-C50D25CD382E} = {778374C6-F80C-3541-A29A-C50D25CD382E}
		{A43A5E22-33C8-3E18-B323-56AD3897A9B3} = {A43A5E22-33C8-3E18-B323-56AD3897A9B3}
	EndProjectSection
EndProject
Project("{8BC9CEB8-8B4A-11D0-8D11-00A0C91BC942}") = "opencv_cudawarping", "modules\cudawarping\opencv_cudawarping.vcxproj", "{3925F2E8-581B-3897-A91C-C9220797A390}"
	ProjectSection(ProjectDependencies) = postProject
		{A1269DED-497E-306A-885A-E935664A0CC4} = {A1269DED-497E-306A-885A-E935664A0CC4}
		{11E027A0-5AEA-342B-9D9D-6E47A551B7C1} = {11E027A0-5AEA-342B-9D9D-6E47A551B7C1}
		{2C3FBE63-74E9-341E-82E7-D56314B5BD8B} = {2C3FBE63-74E9-341E-82E7-D56314B5BD8B}
		{778374C6-F80C-3541-A29A-C50D25CD382E} = {778374C6-F80C-3541-A29A-C50D25CD382E}
	EndProjectSection
EndProject
Project("{8BC9CEB8-8B4A-11D0-8D11-00A0C91BC942}") = "opencv_cudev", "modules\cudev\opencv_cudev.vcxproj", "{2C3FBE63-74E9-341E-82E7-D56314B5BD8B}"
	ProjectSection(ProjectDependencies) = postProject
		{A1269DED-497E-306A-885A-E935664A0CC4} = {A1269DED-497E-306A-885A-E935664A0CC4}
	EndProjectSection
EndProject
Project("{8BC9CEB8-8B4A-11D0-8D11-00A0C91BC942}") = "opencv_dnn", "modules\dnn\opencv_dnn.vcxproj", "{47CAFCD1-AA24-3BF3-B450-9A85B7857A7D}"
	ProjectSection(ProjectDependencies) = postProject
		{A1269DED-497E-306A-885A-E935664A0CC4} = {A1269DED-497E-306A-885A-E935664A0CC4}
		{E6DF1F89-C7D7-336B-8B55-419E1D9BB7FA} = {E6DF1F89-C7D7-336B-8B55-419E1D9BB7FA}
		{11E027A0-5AEA-342B-9D9D-6E47A551B7C1} = {11E027A0-5AEA-342B-9D9D-6E47A551B7C1}
		{2C3FBE63-74E9-341E-82E7-D56314B5BD8B} = {2C3FBE63-74E9-341E-82E7-D56314B5BD8B}
		{5757A4E0-AD3F-319D-931F-E00CDFB36996} = {5757A4E0-AD3F-319D-931F-E00CDFB36996}
		{778374C6-F80C-3541-A29A-C50D25CD382E} = {778374C6-F80C-3541-A29A-C50D25CD382E}
	EndProjectSection
EndProject
Project("{8BC9CEB8-8B4A-11D0-8D11-00A0C91BC942}") = "opencv_dnn_AVX", "modules\dnn\opencv_dnn_AVX.vcxproj", "{5757A4E0-AD3F-319D-931F-E00CDFB36996}"
	ProjectSection(ProjectDependencies) = postProject
		{A1269DED-497E-306A-885A-E935664A0CC4} = {A1269DED-497E-306A-885A-E935664A0CC4}
	EndProjectSection
EndProject
Project("{8BC9CEB8-8B4A-11D0-8D11-00A0C91BC942}") = "opencv_features2d", "modules\features2d\opencv_features2d.vcxproj", "{6E38D95D-7533-36B6-8364-578E8957CBDB}"
	ProjectSection(ProjectDependencies) = postProject
		{A1269DED-497E-306A-885A-E935664A0CC4} = {A1269DED-497E-306A-885A-E935664A0CC4}
		{11E027A0-5AEA-342B-9D9D-6E47A551B7C1} = {11E027A0-5AEA-342B-9D9D-6E47A551B7C1}
		{2C3FBE63-74E9-341E-82E7-D56314B5BD8B} = {2C3FBE63-74E9-341E-82E7-D56314B5BD8B}
		{3F1F7CAE-1AA9-30FC-B57C-FD12AC5F9590} = {3F1F7CAE-1AA9-30FC-B57C-FD12AC5F9590}
		{397A4427-A743-3797-96EE-D33D94E17491} = {397A4427-A743-3797-96EE-D33D94E17491}
		{BB7984E6-E89F-3B09-A680-90CE7C82A936} = {BB7984E6-E89F-3B09-A680-90CE7C82A936}
		{778374C6-F80C-3541-A29A-C50D25CD382E} = {778374C6-F80C-3541-A29A-C50D25CD382E}
		{A43A5E22-33C8-3E18-B323-56AD3897A9B3} = {A43A5E22-33C8-3E18-B323-56AD3897A9B3}
	EndProjectSection
EndProject
Project("{8BC9CEB8-8B4A-11D0-8D11-00A0C91BC942}") = "opencv_flann", "modules\flann\opencv_flann.vcxproj", "{3F1F7CAE-1AA9-30FC-B57C-FD12AC5F9590}"
	ProjectSection(ProjectDependencies) = postProject
		{A1269DED-497E-306A-885A-E935664A0CC4} = {A1269DED-497E-306A-885A-E935664A0CC4}
		{11E027A0-5AEA-342B-9D9D-6E47A551B7C1} = {11E027A0-5AEA-342B-9D9D-6E47A551B7C1}
		{2C3FBE63-74E9-341E-82E7-D56314B5BD8B} = {2C3FBE63-74E9-341E-82E7-D56314B5BD8B}
	EndProjectSection
EndProject
Project("{8BC9CEB8-8B4A-11D0-8D11-00A0C91BC942}") = "opencv_highgui", "modules\highgui\opencv_highgui.vcxproj", "{397A4427-A743-3797-96EE-D33D94E17491}"
	ProjectSection(ProjectDependencies) = postProject
		{A1269DED-497E-306A-885A-E935664A0CC4} = {A1269DED-497E-306A-885A-E935664A0CC4}
		{11E027A0-5AEA-342B-9D9D-6E47A551B7C1} = {11E027A0-5AEA-342B-9D9D-6E47A551B7C1}
		{2C3FBE63-74E9-341E-82E7-D56314B5BD8B} = {2C3FBE63-74E9-341E-82E7-D56314B5BD8B}
		{BB7984E6-E89F-3B09-A680-90CE7C82A936} = {BB7984E6-E89F-3B09-A680-90CE7C82A936}
		{778374C6-F80C-3541-A29A-C50D25CD382E} = {778374C6-F80C-3541-A29A-C50D25CD382E}
		{A43A5E22-33C8-3E18-B323-56AD3897A9B3} = {A43A5E22-33C8-3E18-B323-56AD3897A9B3}
	EndProjectSection
EndProject
Project("{8BC9CEB8-8B4A-11D0-8D11-00A0C91BC942}") = "opencv_imgcodecs", "modules\imgcodecs\opencv_imgcodecs.vcxproj", "{BB7984E6-E89F-3B09-A680-90CE7C82A936}"
	ProjectSection(ProjectDependencies) = postProject
		{A1269DED-497E-306A-885A-E935664A0CC4} = {A1269DED-497E-306A-885A-E935664A0CC4}
		{2BC246F0-4DD2-36A3-9CE8-401B370D7A7B} = {2BC246F0-4DD2-36A3-9CE8-401B370D7A7B}
		{13CE5952-EDE2-3304-ABF8-8C4E8E86090C} = {13CE5952-EDE2-3304-ABF8-8C4E8E86090C}
		{11E027A0-5AEA-342B-9D9D-6E47A551B7C1} = {11E027A0-5AEA-342B-9D9D-6E47A551B7C1}
		{2C3FBE63-74E9-341E-82E7-D56314B5BD8B} = {2C3FBE63-74E9-341E-82E7-D56314B5BD8B}
		{778374C6-F80C-3541-A29A-C50D25CD382E} = {778374C6-F80C-3541-A29A-C50D25CD382E}
		{47146F9B-20AF-3747-B1AB-BBD6109F653D} = {47146F9B-20AF-3747-B1AB-BBD6109F653D}
	EndProjectSection
EndProject
Project("{8BC9CEB8-8B4A-11D0-8D11-00A0C91BC942}") = "opencv_imgproc", "modules\imgproc\opencv_imgproc.vcxproj", "{778374C6-F80C-3541-A29A-C50D25CD382E}"
	ProjectSection(ProjectDependencies) = postProject
		{A1269DED-497E-306A-885A-E935664A0CC4} = {A1269DED-497E-306A-885A-E935664A0CC4}
		{11E027A0-5AEA-342B-9D9D-6E47A551B7C1} = {11E027A0-5AEA-342B-9D9D-6E47A551B7C1}
		{2C3FBE63-74E9-341E-82E7-D56314B5BD8B} = {2C3FBE63-74E9-341E-82E7-D56314B5BD8B}
		{947A5D26-5442-3D3A-95AB-3A61306AA9B5} = {947A5D26-5442-3D3A-95AB-3A61306AA9B5}
		{1D42C3BB-5F67-37A4-BB76-DDC85E51701A} = {1D42C3BB-5F67-37A4-BB76-DDC85E51701A}
	EndProjectSection
EndProject
Project("{8BC9CEB8-8B4A-11D0-8D11-00A0C91BC942}") = "opencv_imgproc_AVX", "modules\imgproc\opencv_imgproc_AVX.vcxproj", "{947A5D26-5442-3D3A-95AB-3A61306AA9B5}"
	ProjectSection(ProjectDependencies) = postProject
		{A1269DED-497E-306A-885A-E935664A0CC4} = {A1269DED-497E-306A-885A-E935664A0CC4}
	EndProjectSection
EndProject
Project("{8BC9CEB8-8B4A-11D0-8D11-00A0C91BC942}") = "opencv_imgproc_SSE4_1", "modules\imgproc\opencv_imgproc_SSE4_1.vcxproj", "{1D42C3BB-5F67-37A4-BB76-DDC85E51701A}"
	ProjectSection(ProjectDependencies) = postProject
		{A1269DED-497E-306A-885A-E935664A0CC4} = {A1269DED-497E-306A-885A-E935664A0CC4}
	EndProjectSection
EndProject
Project("{8BC9CEB8-8B4A-11D0-8D11-00A0C91BC942}") = "opencv_ml", "modules\ml\opencv_ml.vcxproj", "{A080E10E-51B0-3A1B-9D81-3DD042D283DC}"
	ProjectSection(ProjectDependencies) = postProject
		{A1269DED-497E-306A-885A-E935664A0CC4} = {A1269DED-497E-306A-885A-E935664A0CC4}
		{11E027A0-5AEA-342B-9D9D-6E47A551B7C1} = {11E027A0-5AEA-342B-9D9D-6E47A551B7C1}
		{2C3FBE63-74E9-341E-82E7-D56314B5BD8B} = {2C3FBE63-74E9-341E-82E7-D56314B5BD8B}
	EndProjectSection
EndProject
Project("{8BC9CEB8-8B4A-11D0-8D11-00A0C91BC942}") = "opencv_modules", "opencv_modules.vcxproj", "{67F25F01-CD5D-3324-8C28-67B18E6D04E2}"
	ProjectSection(ProjectDependencies) = postProject
		{A1269DED-497E-306A-885A-E935664A0CC4} = {A1269DED-497E-306A-885A-E935664A0CC4}
		{1D355244-52AF-3074-9BCA-5C79E50FF1F5} = {1D355244-52AF-3074-9BCA-5C79E50FF1F5}
		{11E027A0-5AEA-342B-9D9D-6E47A551B7C1} = {11E027A0-5AEA-342B-9D9D-6E47A551B7C1}
		{64A7DA8A-711C-3685-BB0F-E1EF16039320} = {64A7DA8A-711C-3685-BB0F-E1EF16039320}
		{6E4EC9BE-ED98-38B4-AA9F-B64BA4C68324} = {6E4EC9BE-ED98-38B4-AA9F-B64BA4C68324}
		{0F412C32-E27E-32DD-B948-03378ABA0D4B} = {0F412C32-E27E-32DD-B948-03378ABA0D4B}
		{EF594D11-B2B0-3622-A98B-291C36194227} = {EF594D11-B2B0-3622-A98B-291C36194227}
		{38336D79-20C5-3F96-B4E4-A080A86B0B1E} = {38336D79-20C5-3F96-B4E4-A080A86B0B1E}
		{7F9C73AC-B90C-3CC7-A669-E084F3608E32} = {7F9C73AC-B90C-3CC7-A669-E084F3608E32}
		{9322BE82-8003-3E86-86FC-168C3A227319} = {9322BE82-8003-3E86-86FC-168C3A227319}
		{1E682D63-2882-3690-B848-6222F35C3835} = {1E682D63-2882-3690-B848-6222F35C3835}
		{EDD5D2D3-5FF8-3E04-8A95-68AECFB93185} = {EDD5D2D3-5FF8-3E04-8A95-68AECFB93185}
		{9ED50369-3F39-3D13-B805-A21E27D4BBED} = {9ED50369-3F39-3D13-B805-A21E27D4BBED}
		{3925F2E8-581B-3897-A91C-C9220797A390} = {3925F2E8-581B-3897-A91C-C9220797A390}
		{2C3FBE63-74E9-341E-82E7-D56314B5BD8B} = {2C3FBE63-74E9-341E-82E7-D56314B5BD8B}
		{47CAFCD1-AA24-3BF3-B450-9A85B7857A7D} = {47CAFCD1-AA24-3BF3-B450-9A85B7857A7D}
		{6E38D95D-7533-36B6-8364-578E8957CBDB} = {6E38D95D-7533-36B6-8364-578E8957CBDB}
		{3F1F7CAE-1AA9-30FC-B57C-FD12AC5F9590} = {3F1F7CAE-1AA9-30FC-B57C-FD12AC5F9590}
		{397A4427-A743-3797-96EE-D33D94E17491} = {397A4427-A743-3797-96EE-D33D94E17491}
		{BB7984E6-E89F-3B09-A680-90CE7C82A936} = {BB7984E6-E89F-3B09-A680-90CE7C82A936}
		{778374C6-F80C-3541-A29A-C50D25CD382E} = {778374C6-F80C-3541-A29A-C50D25CD382E}
		{A080E10E-51B0-3A1B-9D81-3DD042D283DC} = {A080E10E-51B0-3A1B-9D81-3DD042D283DC}
		{18A3E4F5-E58D-33FE-98C0-D552FDFE6C05} = {18A3E4F5-E58D-33FE-98C0-D552FDFE6C05}
		{9617DC77-3509-3417-A02F-86037EDACBD3} = {9617DC77-3509-3417-A02F-86037EDACBD3}
		{39B3548F-5B85-3350-A1FC-100711E97B1A} = {39B3548F-5B85-3350-A1FC-100711E97B1A}
		{81C1F8D6-BA83-3702-B58D-A908176D17F8} = {81C1F8D6-BA83-3702-B58D-A908176D17F8}
		{A437CDE6-339C-334E-98DD-708B0568A1C1} = {A437CDE6-339C-334E-98DD-708B0568A1C1}
		{F935B8F9-DC2A-35AC-B655-F05CE4BEB3D3} = {F935B8F9-DC2A-35AC-B655-F05CE4BEB3D3}
		{A43A5E22-33C8-3E18-B323-56AD3897A9B3} = {A43A5E22-33C8-3E18-B323-56AD3897A9B3}
		{EEA7439C-060D-3967-9290-80FB7A9F9E1F} = {EEA7439C-060D-3967-9290-80FB7A9F9E1F}
	EndProjectSection
EndProject
Project("{8BC9CEB8-8B4A-11D0-8D11-00A0C91BC942}") = "opencv_objdetect", "modules\objdetect\opencv_objdetect.vcxproj", "{18A3E4F5-E58D-33FE-98C0-D552FDFE6C05}"
	ProjectSection(ProjectDependencies) = postProject
		{A1269DED-497E-306A-885A-E935664A0CC4} = {A1269DED-497E-306A-885A-E935664A0CC4}
		{1D355244-52AF-3074-9BCA-5C79E50FF1F5} = {1D355244-52AF-3074-9BCA-5C79E50FF1F5}
		{11E027A0-5AEA-342B-9D9D-6E47A551B7C1} = {11E027A0-5AEA-342B-9D9D-6E47A551B7C1}
		{2C3FBE63-74E9-341E-82E7-D56314B5BD8B} = {2C3FBE63-74E9-341E-82E7-D56314B5BD8B}
		{6E38D95D-7533-36B6-8364-578E8957CBDB} = {6E38D95D-7533-36B6-8364-578E8957CBDB}
		{3F1F7CAE-1AA9-30FC-B57C-FD12AC5F9590} = {3F1F7CAE-1AA9-30FC-B57C-FD12AC5F9590}
		{397A4427-A743-3797-96EE-D33D94E17491} = {397A4427-A743-3797-96EE-D33D94E17491}
		{BB7984E6-E89F-3B09-A680-90CE7C82A936} = {BB7984E6-E89F-3B09-A680-90CE7C82A936}
		{778374C6-F80C-3541-A29A-C50D25CD382E} = {778374C6-F80C-3541-A29A-C50D25CD382E}
		{D5DC2487-7E0C-3315-86B1-EAA8A964A097} = {D5DC2487-7E0C-3315-86B1-EAA8A964A097}
		{A43A5E22-33C8-3E18-B323-56AD3897A9B3} = {A43A5E22-33C8-3E18-B323-56AD3897A9B3}
	EndProjectSection
EndProject
Project("{8BC9CEB8-8B4A-11D0-8D11-00A0C91BC942}") = "opencv_objdetect_AVX", "modules\objdetect\opencv_objdetect_AVX.vcxproj", "{D5DC2487-7E0C-3315-86B1-EAA8A964A097}"
	ProjectSection(ProjectDependencies) = postProject
		{A1269DED-497E-306A-885A-E935664A0CC4} = {A1269DED-497E-306A-885A-E935664A0CC4}
	EndProjectSection
EndProject
Project("{8BC9CEB8-8B4A-11D0-8D11-00A0C91BC942}") = "opencv_photo", "modules\photo\opencv_photo.vcxproj", "{9617DC77-3509-3417-A02F-86037EDACBD3}"
	ProjectSection(ProjectDependencies) = postProject
		{A1269DED-497E-306A-885A-E935664A0CC4} = {A1269DED-497E-306A-885A-E935664A0CC4}
		{11E027A0-5AEA-342B-9D9D-6E47A551B7C1} = {11E027A0-5AEA-342B-9D9D-6E47A551B7C1}
		{64A7DA8A-711C-3685-BB0F-E1EF16039320} = {64A7DA8A-711C-3685-BB0F-E1EF16039320}
		{38336D79-20C5-3F96-B4E4-A080A86B0B1E} = {38336D79-20C5-3F96-B4E4-A080A86B0B1E}
		{7F9C73AC-B90C-3CC7-A669-E084F3608E32} = {7F9C73AC-B90C-3CC7-A669-E084F3608E32}
		{2C3FBE63-74E9-341E-82E7-D56314B5BD8B} = {2C3FBE63-74E9-341E-82E7-D56314B5BD8B}
		{778374C6-F80C-3541-A29A-C50D25CD382E} = {778374C6-F80C-3541-A29A-C50D25CD382E}
	EndProjectSection
EndProject
Project("{8BC9CEB8-8B4A-11D0-8D11-00A0C91BC942}") = "opencv_shape", "modules\shape\opencv_shape.vcxproj", "{39B3548F-5B85-3350-A1FC-100711E97B1A}"
	ProjectSection(ProjectDependencies) = postProject
		{A1269DED-497E-306A-885A-E935664A0CC4} = {A1269DED-497E-306A-885A-E935664A0CC4}
		{11E027A0-5AEA-342B-9D9D-6E47A551B7C1} = {11E027A0-5AEA-342B-9D9D-6E47A551B7C1}
		{2C3FBE63-74E9-341E-82E7-D56314B5BD8B} = {2C3FBE63-74E9-341E-82E7-D56314B5BD8B}
		{778374C6-F80C-3541-A29A-C50D25CD382E} = {778374C6-F80C-3541-A29A-C50D25CD382E}
		{F935B8F9-DC2A-35AC-B655-F05CE4BEB3D3} = {F935B8F9-DC2A-35AC-B655-F05CE4BEB3D3}
	EndProjectSection
EndProject
Project("{8BC9CEB8-8B4A-11D0-8D11-00A0C91BC942}") = "opencv_stitching", "modules\stitching\opencv_stitching.vcxproj", "{81C1F8D6-BA83-3702-B58D-A908176D17F8}"
	ProjectSection(ProjectDependencies) = postProject
		{A1269DED-497E-306A-885A-E935664A0CC4} = {A1269DED-497E-306A-885A-E935664A0CC4}
		{1D355244-52AF-3074-9BCA-5C79E50FF1F5} = {1D355244-52AF-3074-9BCA-5C79E50FF1F5}
		{11E027A0-5AEA-342B-9D9D-6E47A551B7C1} = {11E027A0-5AEA-342B-9D9D-6E47A551B7C1}
		{64A7DA8A-711C-3685-BB0F-E1EF16039320} = {64A7DA8A-711C-3685-BB0F-E1EF16039320}
		{EF594D11-B2B0-3622-A98B-291C36194227} = {EF594D11-B2B0-3622-A98B-291C36194227}
		{38336D79-20C5-3F96-B4E4-A080A86B0B1E} = {38336D79-20C5-3F96-B4E4-A080A86B0B1E}
		{7F9C73AC-B90C-3CC7-A669-E084F3608E32} = {7F9C73AC-B90C-3CC7-A669-E084F3608E32}
		{9322BE82-8003-3E86-86FC-168C3A227319} = {9322BE82-8003-3E86-86FC-168C3A227319}
		{3925F2E8-581B-3897-A91C-C9220797A390} = {3925F2E8-581B-3897-A91C-C9220797A390}
		{2C3FBE63-74E9-341E-82E7-D56314B5BD8B} = {2C3FBE63-74E9-341E-82E7-D56314B5BD8B}
		{6E38D95D-7533-36B6-8364-578E8957CBDB} = {6E38D95D-7533-36B6-8364-578E8957CBDB}
		{3F1F7CAE-1AA9-30FC-B57C-FD12AC5F9590} = {3F1F7CAE-1AA9-30FC-B57C-FD12AC5F9590}
		{397A4427-A743-3797-96EE-D33D94E17491} = {397A4427-A743-3797-96EE-D33D94E17491}
		{BB7984E6-E89F-3B09-A680-90CE7C82A936} = {BB7984E6-E89F-3B09-A680-90CE7C82A936}
		{778374C6-F80C-3541-A29A-C50D25CD382E} = {778374C6-F80C-3541-A29A-C50D25CD382E}
		{18A3E4F5-E58D-33FE-98C0-D552FDFE6C05} = {18A3E4F5-E58D-33FE-98C0-D552FDFE6C05}
		{F935B8F9-DC2A-35AC-B655-F05CE4BEB3D3} = {F935B8F9-DC2A-35AC-B655-F05CE4BEB3D3}
		{A43A5E22-33C8-3E18-B323-56AD3897A9B3} = {A43A5E22-33C8-3E18-B323-56AD3897A9B3}
	EndProjectSection
EndProject
Project("{8BC9CEB8-8B4A-11D0-8D11-00A0C91BC942}") = "opencv_superres", "modules\superres\opencv_superres.vcxproj", "{A437CDE6-339C-334E-98DD-708B0568A1C1}"
	ProjectSection(ProjectDependencies) = postProject
		{A1269DED-497E-306A-885A-E935664A0CC4} = {A1269DED-497E-306A-885A-E935664A0CC4}
		{1D355244-52AF-3074-9BCA-5C79E50FF1F5} = {1D355244-52AF-3074-9BCA-5C79E50FF1F5}
		{11E027A0-5AEA-342B-9D9D-6E47A551B7C1} = {11E027A0-5AEA-342B-9D9D-6E47A551B7C1}
		{64A7DA8A-711C-3685-BB0F-E1EF16039320} = {64A7DA8A-711C-3685-BB0F-E1EF16039320}
		{0F412C32-E27E-32DD-B948-03378ABA0D4B} = {0F412C32-E27E-32DD-B948-03378ABA0D4B}
		{38336D79-20C5-3F96-B4E4-A080A86B0B1E} = {38336D79-20C5-3F96-B4E4-A080A86B0B1E}
		{7F9C73AC-B90C-3CC7-A669-E084F3608E32} = {7F9C73AC-B90C-3CC7-A669-E084F3608E32}
		{9322BE82-8003-3E86-86FC-168C3A227319} = {9322BE82-8003-3E86-86FC-168C3A227319}
		{EDD5D2D3-5FF8-3E04-8A95-68AECFB93185} = {EDD5D2D3-5FF8-3E04-8A95-68AECFB93185}
		{3925F2E8-581B-3897-A91C-C9220797A390} = {3925F2E8-581B-3897-A91C-C9220797A390}
		{2C3FBE63-74E9-341E-82E7-D56314B5BD8B} = {2C3FBE63-74E9-341E-82E7-D56314B5BD8B}
		{6E38D95D-7533-36B6-8364-578E8957CBDB} = {6E38D95D-7533-36B6-8364-578E8957CBDB}
		{3F1F7CAE-1AA9-30FC-B57C-FD12AC5F9590} = {3F1F7CAE-1AA9-30FC-B57C-FD12AC5F9590}
		{397A4427-A743-3797-96EE-D33D94E17491} = {397A4427-A743-3797-96EE-D33D94E17491}
		{BB7984E6-E89F-3B09-A680-90CE7C82A936} = {BB7984E6-E89F-3B09-A680-90CE7C82A936}
		{778374C6-F80C-3541-A29A-C50D25CD382E} = {778374C6-F80C-3541-A29A-C50D25CD382E}
		{18A3E4F5-E58D-33FE-98C0-D552FDFE6C05} = {18A3E4F5-E58D-33FE-98C0-D552FDFE6C05}
		{F935B8F9-DC2A-35AC-B655-F05CE4BEB3D3} = {F935B8F9-DC2A-35AC-B655-F05CE4BEB3D3}
		{A43A5E22-33C8-3E18-B323-56AD3897A9B3} = {A43A5E22-33C8-3E18-B323-56AD3897A9B3}
	EndProjectSection
EndProject
Project("{8BC9CEB8-8B4A-11D0-8D11-00A0C91BC942}") = "opencv_video", "modules\video\opencv_video.vcxproj", "{F935B8F9-DC2A-35AC-B655-F05CE4BEB3D3}"
	ProjectSection(ProjectDependencies) = postProject
		{A1269DED-497E-306A-885A-E935664A0CC4} = {A1269DED-497E-306A-885A-E935664A0CC4}
		{11E027A0-5AEA-342B-9D9D-6E47A551B7C1} = {11E027A0-5AEA-342B-9D9D-6E47A551B7C1}
		{2C3FBE63-74E9-341E-82E7-D56314B5BD8B} = {2C3FBE63-74E9-341E-82E7-D56314B5BD8B}
		{778374C6-F80C-3541-A29A-C50D25CD382E} = {778374C6-F80C-3541-A29A-C50D25CD382E}
	EndProjectSection
EndProject
Project("{8BC9CEB8-8B4A-11D0-8D11-00A0C91BC942}") = "opencv_videoio", "modules\videoio\opencv_videoio.vcxproj", "{A43A5E22-33C8-3E18-B323-56AD3897A9B3}"
	ProjectSection(ProjectDependencies) = postProject
		{A1269DED-497E-306A-885A-E935664A0CC4} = {A1269DED-497E-306A-885A-E935664A0CC4}
		{11E027A0-5AEA-342B-9D9D-6E47A551B7C1} = {11E027A0-5AEA-342B-9D9D-6E47A551B7C1}
		{2C3FBE63-74E9-341E-82E7-D56314B5BD8B} = {2C3FBE63-74E9-341E-82E7-D56314B5BD8B}
		{BB7984E6-E89F-3B09-A680-90CE7C82A936} = {BB7984E6-E89F-3B09-A680-90CE7C82A936}
		{778374C6-F80C-3541-A29A-C50D25CD382E} = {778374C6-F80C-3541-A29A-C50D25CD382E}
	EndProjectSection
EndProject
Project("{8BC9CEB8-8B4A-11D0-8D11-00A0C91BC942}") = "opencv_videostab", "modules\videostab\opencv_videostab.vcxproj", "{EEA7439C-060D-3967-9290-80FB7A9F9E1F}"
	ProjectSection(ProjectDependencies) = postProject
		{A1269DED-497E-306A-885A-E935664A0CC4} = {A1269DED-497E-306A-885A-E935664A0CC4}
		{1D355244-52AF-3074-9BCA-5C79E50FF1F5} = {1D355244-52AF-3074-9BCA-5C79E50FF1F5}
		{11E027A0-5AEA-342B-9D9D-6E47A551B7C1} = {11E027A0-5AEA-342B-9D9D-6E47A551B7C1}
		{64A7DA8A-711C-3685-BB0F-E1EF16039320} = {64A7DA8A-711C-3685-BB0F-E1EF16039320}
		{38336D79-20C5-3F96-B4E4-A080A86B0B1E} = {38336D79-20C5-3F96-B4E4-A080A86B0B1E}
		{7F9C73AC-B90C-3CC7-A669-E084F3608E32} = {7F9C73AC-B90C-3CC7-A669-E084F3608E32}
		{9322BE82-8003-3E86-86FC-168C3A227319} = {9322BE82-8003-3E86-86FC-168C3A227319}
		{EDD5D2D3-5FF8-3E04-8A95-68AECFB93185} = {EDD5D2D3-5FF8-3E04-8A95-68AECFB93185}
		{3925F2E8-581B-3897-A91C-C9220797A390} = {3925F2E8-581B-3897-A91C-C9220797A390}
		{2C3FBE63-74E9-341E-82E7-D56314B5BD8B} = {2C3FBE63-74E9-341E-82E7-D56314B5BD8B}
		{6E38D95D-7533-36B6-8364-578E8957CBDB} = {6E38D95D-7533-36B6-8364-578E8957CBDB}
		{3F1F7CAE-1AA9-30FC-B57C-FD12AC5F9590} = {3F1F7CAE-1AA9-30FC-B57C-FD12AC5F9590}
		{397A4427-A743-3797-96EE-D33D94E17491} = {397A4427-A743-3797-96EE-D33D94E17491}
		{BB7984E6-E89F-3B09-A680-90CE7C82A936} = {BB7984E6-E89F-3B09-A680-90CE7C82A936}
		{778374C6-F80C-3541-A29A-C50D25CD382E} = {778374C6-F80C-3541-A29A-C50D25CD382E}
		{18A3E4F5-E58D-33FE-98C0-D552FDFE6C05} = {18A3E4F5-E58D-33FE-98C0-D552FDFE6C05}
		{9617DC77-3509-3417-A02F-86037EDACBD3} = {9617DC77-3509-3417-A02F-86037EDACBD3}
		{F935B8F9-DC2A-35AC-B655-F05CE4BEB3D3} = {F935B8F9-DC2A-35AC-B655-F05CE4BEB3D3}
		{A43A5E22-33C8-3E18-B323-56AD3897A9B3} = {A43A5E22-33C8-3E18-B323-56AD3897A9B3}
	EndProjectSection
EndProject
Project("{8BC9CEB8-8B4A-11D0-8D11-00A0C91BC942}") = "uninstall", "uninstall.vcxproj", "{B5BCC150-DAAF-3489-BB91-B1218F66CC24}"
	ProjectSection(ProjectDependencies) = postProject
		{A1269DED-497E-306A-885A-E935664A0CC4} = {A1269DED-497E-306A-885A-E935664A0CC4}
	EndProjectSection
EndProject
Project("{8BC9CEB8-8B4A-11D0-8D11-00A0C91BC942}") = "zlib", "3rdparty\zlib\zlib.vcxproj", "{47146F9B-20AF-3747-B1AB-BBD6109F653D}"
	ProjectSection(ProjectDependencies) = postProject
		{A1269DED-497E-306A-885A-E935664A0CC4} = {A1269DED-497E-306A-885A-E935664A0CC4}
	EndProjectSection
EndProject
Global
	GlobalSection(SolutionConfigurationPlatforms) = preSolution
		Debug|x64 = Debug|x64
		Release|x64 = Release|x64
	EndGlobalSection
	GlobalSection(ProjectConfigurationPlatforms) = postSolution
		{1AC2AB98-72C9-3F84-84EC-EBAB7E21D8D6}.Debug|x64.ActiveCfg = Debug|x64
		{1AC2AB98-72C9-3F84-84EC-EBAB7E21D8D6}.Debug|x64.Build.0 = Debug|x64
		{1AC2AB98-72C9-3F84-84EC-EBAB7E21D8D6}.Release|x64.ActiveCfg = Release|x64
		{1AC2AB98-72C9-3F84-84EC-EBAB7E21D8D6}.Release|x64.Build.0 = Release|x64
		{118E814A-0B32-35E2-8515-6BF965C2C829}.Debug|x64.ActiveCfg = Debug|x64
		{118E814A-0B32-35E2-8515-6BF965C2C829}.Release|x64.ActiveCfg = Release|x64
		{47D45E07-8371-315D-84D6-65691B6972BE}.Debug|x64.ActiveCfg = Debug|x64
		{47D45E07-8371-315D-84D6-65691B6972BE}.Release|x64.ActiveCfg = Release|x64
		{F5142EFE-DC2F-3ECB-B212-88AEB2BCD072}.Debug|x64.ActiveCfg = Debug|x64
		{F5142EFE-DC2F-3ECB-B212-88AEB2BCD072}.Release|x64.ActiveCfg = Release|x64
		{A1269DED-497E-306A-885A-E935664A0CC4}.Debug|x64.ActiveCfg = Debug|x64
		{A1269DED-497E-306A-885A-E935664A0CC4}.Debug|x64.Build.0 = Debug|x64
		{A1269DED-497E-306A-885A-E935664A0CC4}.Release|x64.ActiveCfg = Release|x64
		{A1269DED-497E-306A-885A-E935664A0CC4}.Release|x64.Build.0 = Release|x64
		{2BC246F0-4DD2-36A3-9CE8-401B370D7A7B}.Debug|x64.ActiveCfg = Debug|x64
		{2BC246F0-4DD2-36A3-9CE8-401B370D7A7B}.Debug|x64.Build.0 = Debug|x64
		{2BC246F0-4DD2-36A3-9CE8-401B370D7A7B}.Release|x64.ActiveCfg = Release|x64
		{2BC246F0-4DD2-36A3-9CE8-401B370D7A7B}.Release|x64.Build.0 = Release|x64
		{13CE5952-EDE2-3304-ABF8-8C4E8E86090C}.Debug|x64.ActiveCfg = Debug|x64
		{13CE5952-EDE2-3304-ABF8-8C4E8E86090C}.Debug|x64.Build.0 = Debug|x64
		{13CE5952-EDE2-3304-ABF8-8C4E8E86090C}.Release|x64.ActiveCfg = Release|x64
		{13CE5952-EDE2-3304-ABF8-8C4E8E86090C}.Release|x64.Build.0 = Release|x64
		{E6DF1F89-C7D7-336B-8B55-419E1D9BB7FA}.Debug|x64.ActiveCfg = Debug|x64
		{E6DF1F89-C7D7-336B-8B55-419E1D9BB7FA}.Debug|x64.Build.0 = Debug|x64
		{E6DF1F89-C7D7-336B-8B55-419E1D9BB7FA}.Release|x64.ActiveCfg = Release|x64
		{E6DF1F89-C7D7-336B-8B55-419E1D9BB7FA}.Release|x64.Build.0 = Release|x64
		{1D355244-52AF-3074-9BCA-5C79E50FF1F5}.Debug|x64.ActiveCfg = Debug|x64
		{1D355244-52AF-3074-9BCA-5C79E50FF1F5}.Debug|x64.Build.0 = Debug|x64
		{1D355244-52AF-3074-9BCA-5C79E50FF1F5}.Release|x64.ActiveCfg = Release|x64
		{1D355244-52AF-3074-9BCA-5C79E50FF1F5}.Release|x64.Build.0 = Release|x64
		{11E027A0-5AEA-342B-9D9D-6E47A551B7C1}.Debug|x64.ActiveCfg = Debug|x64
		{11E027A0-5AEA-342B-9D9D-6E47A551B7C1}.Debug|x64.Build.0 = Debug|x64
		{11E027A0-5AEA-342B-9D9D-6E47A551B7C1}.Release|x64.ActiveCfg = Release|x64
		{11E027A0-5AEA-342B-9D9D-6E47A551B7C1}.Release|x64.Build.0 = Release|x64
		{19B493E0-5DB5-3845-8D28-568D1B62E45A}.Debug|x64.ActiveCfg = Debug|x64
		{19B493E0-5DB5-3845-8D28-568D1B62E45A}.Debug|x64.Build.0 = Debug|x64
		{19B493E0-5DB5-3845-8D28-568D1B62E45A}.Release|x64.ActiveCfg = Release|x64
		{19B493E0-5DB5-3845-8D28-568D1B62E45A}.Release|x64.Build.0 = Release|x64
		{D7EBB76E-6930-3CE8-A9AA-71A4FCBED482}.Debug|x64.ActiveCfg = Debug|x64
		{D7EBB76E-6930-3CE8-A9AA-71A4FCBED482}.Debug|x64.Build.0 = Debug|x64
		{D7EBB76E-6930-3CE8-A9AA-71A4FCBED482}.Release|x64.ActiveCfg = Release|x64
		{D7EBB76E-6930-3CE8-A9AA-71A4FCBED482}.Release|x64.Build.0 = Release|x64
		{DB096851-DD3E-3E4E-A726-7F6D73911413}.Debug|x64.ActiveCfg = Debug|x64
		{DB096851-DD3E-3E4E-A726-7F6D73911413}.Debug|x64.Build.0 = Debug|x64
		{DB096851-DD3E-3E4E-A726-7F6D73911413}.Release|x64.ActiveCfg = Release|x64
		{DB096851-DD3E-3E4E-A726-7F6D73911413}.Release|x64.Build.0 = Release|x64
		{64A7DA8A-711C-3685-BB0F-E1EF16039320}.Debug|x64.ActiveCfg = Debug|x64
		{64A7DA8A-711C-3685-BB0F-E1EF16039320}.Debug|x64.Build.0 = Debug|x64
		{64A7DA8A-711C-3685-BB0F-E1EF16039320}.Release|x64.ActiveCfg = Release|x64
		{64A7DA8A-711C-3685-BB0F-E1EF16039320}.Release|x64.Build.0 = Release|x64
		{6E4EC9BE-ED98-38B4-AA9F-B64BA4C68324}.Debug|x64.ActiveCfg = Debug|x64
		{6E4EC9BE-ED98-38B4-AA9F-B64BA4C68324}.Debug|x64.Build.0 = Debug|x64
		{6E4EC9BE-ED98-38B4-AA9F-B64BA4C68324}.Release|x64.ActiveCfg = Release|x64
		{6E4EC9BE-ED98-38B4-AA9F-B64BA4C68324}.Release|x64.Build.0 = Release|x64
		{0F412C32-E27E-32DD-B948-03378ABA0D4B}.Debug|x64.ActiveCfg = Debug|x64
		{0F412C32-E27E-32DD-B948-03378ABA0D4B}.Debug|x64.Build.0 = Debug|x64
		{0F412C32-E27E-32DD-B948-03378ABA0D4B}.Release|x64.ActiveCfg = Release|x64
		{0F412C32-E27E-32DD-B948-03378ABA0D4B}.Release|x64.Build.0 = Release|x64
		{EF594D11-B2B0-3622-A98B-291C36194227}.Debug|x64.ActiveCfg = Debug|x64
		{EF594D11-B2B0-3622-A98B-291C36194227}.Debug|x64.Build.0 = Debug|x64
		{EF594D11-B2B0-3622-A98B-291C36194227}.Release|x64.ActiveCfg = Release|x64
		{EF594D11-B2B0-3622-A98B-291C36194227}.Release|x64.Build.0 = Release|x64
		{38336D79-20C5-3F96-B4E4-A080A86B0B1E}.Debug|x64.ActiveCfg = Debug|x64
		{38336D79-20C5-3F96-B4E4-A080A86B0B1E}.Debug|x64.Build.0 = Debug|x64
		{38336D79-20C5-3F96-B4E4-A080A86B0B1E}.Release|x64.ActiveCfg = Release|x64
		{38336D79-20C5-3F96-B4E4-A080A86B0B1E}.Release|x64.Build.0 = Release|x64
		{7F9C73AC-B90C-3CC7-A669-E084F3608E32}.Debug|x64.ActiveCfg = Debug|x64
		{7F9C73AC-B90C-3CC7-A669-E084F3608E32}.Debug|x64.Build.0 = Debug|x64
		{7F9C73AC-B90C-3CC7-A669-E084F3608E32}.Release|x64.ActiveCfg = Release|x64
		{7F9C73AC-B90C-3CC7-A669-E084F3608E32}.Release|x64.Build.0 = Release|x64
		{9322BE82-8003-3E86-86FC-168C3A227319}.Debug|x64.ActiveCfg = Debug|x64
		{9322BE82-8003-3E86-86FC-168C3A227319}.Debug|x64.Build.0 = Debug|x64
		{9322BE82-8003-3E86-86FC-168C3A227319}.Release|x64.ActiveCfg = Release|x64
		{9322BE82-8003-3E86-86FC-168C3A227319}.Release|x64.Build.0 = Release|x64
		{1E682D63-2882-3690-B848-6222F35C3835}.Debug|x64.ActiveCfg = Debug|x64
		{1E682D63-2882-3690-B848-6222F35C3835}.Debug|x64.Build.0 = Debug|x64
		{1E682D63-2882-3690-B848-6222F35C3835}.Release|x64.ActiveCfg = Release|x64
		{1E682D63-2882-3690-B848-6222F35C3835}.Release|x64.Build.0 = Release|x64
		{EDD5D2D3-5FF8-3E04-8A95-68AECFB93185}.Debug|x64.ActiveCfg = Debug|x64
		{EDD5D2D3-5FF8-3E04-8A95-68AECFB93185}.Debug|x64.Build.0 = Debug|x64
		{EDD5D2D3-5FF8-3E04-8A95-68AECFB93185}.Release|x64.ActiveCfg = Release|x64
		{EDD5D2D3-5FF8-3E04-8A95-68AECFB93185}.Release|x64.Build.0 = Release|x64
		{9ED50369-3F39-3D13-B805-A21E27D4BBED}.Debug|x64.ActiveCfg = Debug|x64
		{9ED50369-3F39-3D13-B805-A21E27D4BBED}.Debug|x64.Build.0 = Debug|x64
		{9ED50369-3F39-3D13-B805-A21E27D4BBED}.Release|x64.ActiveCfg = Release|x64
		{9ED50369-3F39-3D13-B805-A21E27D4BBED}.Release|x64.Build.0 = Release|x64
		{3925F2E8-581B-3897-A91C-C9220797A390}.Debug|x64.ActiveCfg = Debug|x64
		{3925F2E8-581B-3897-A91C-C9220797A390}.Debug|x64.Build.0 = Debug|x64
		{3925F2E8-581B-3897-A91C-C9220797A390}.Release|x64.ActiveCfg = Release|x64
		{3925F2E8-581B-3897-A91C-C9220797A390}.Release|x64.Build.0 = Release|x64
		{2C3FBE63-74E9-341E-82E7-D56314B5BD8B}.Debug|x64.ActiveCfg = Debug|x64
		{2C3FBE63-74E9-341E-82E7-D56314B5BD8B}.Debug|x64.Build.0 = Debug|x64
		{2C3FBE63-74E9-341E-82E7-D56314B5BD8B}.Release|x64.ActiveCfg = Release|x64
		{2C3FBE63-74E9-341E-82E7-D56314B5BD8B}.Release|x64.Build.0 = Release|x64
		{47CAFCD1-AA24-3BF3-B450-9A85B7857A7D}.Debug|x64.ActiveCfg = Debug|x64
		{47CAFCD1-AA24-3BF3-B450-9A85B7857A7D}.Debug|x64.Build.0 = Debug|x64
		{47CAFCD1-AA24-3BF3-B450-9A85B7857A7D}.Release|x64.ActiveCfg = Release|x64
		{47CAFCD1-AA24-3BF3-B450-9A85B7857A7D}.Release|x64.Build.0 = Release|x64
		{5757A4E0-AD3F-319D-931F-E00CDFB36996}.Debug|x64.ActiveCfg = Debug|x64
		{5757A4E0-AD3F-319D-931F-E00CDFB36996}.Debug|x64.Build.0 = Debug|x64
		{5757A4E0-AD3F-319D-931F-E00CDFB36996}.Release|x64.ActiveCfg = Release|x64
		{5757A4E0-AD3F-319D-931F-E00CDFB36996}.Release|x64.Build.0 = Release|x64
		{6E38D95D-7533-36B6-8364-578E8957CBDB}.Debug|x64.ActiveCfg = Debug|x64
		{6E38D95D-7533-36B6-8364-578E8957CBDB}.Debug|x64.Build.0 = Debug|x64
		{6E38D95D-7533-36B6-8364-578E8957CBDB}.Release|x64.ActiveCfg = Release|x64
		{6E38D95D-7533-36B6-8364-578E8957CBDB}.Release|x64.Build.0 = Release|x64
		{3F1F7CAE-1AA9-30FC-B57C-FD12AC5F9590}.Debug|x64.ActiveCfg = Debug|x64
		{3F1F7CAE-1AA9-30FC-B57C-FD12AC5F9590}.Debug|x64.Build.0 = Debug|x64
		{3F1F7CAE-1AA9-30FC-B57C-FD12AC5F9590}.Release|x64.ActiveCfg = Release|x64
		{3F1F7CAE-1AA9-30FC-B57C-FD12AC5F9590}.Release|x64.Build.0 = Release|x64
		{397A4427-A743-3797-96EE-D33D94E17491}.Debug|x64.ActiveCfg = Debug|x64
		{397A4427-A743-3797-96EE-D33D94E17491}.Debug|x64.Build.0 = Debug|x64
		{397A4427-A743-3797-96EE-D33D94E17491}.Release|x64.ActiveCfg = Release|x64
		{397A4427-A743-3797-96EE-D33D94E17491}.Release|x64.Build.0 = Release|x64
		{BB7984E6-E89F-3B09-A680-90CE7C82A936}.Debug|x64.ActiveCfg = Debug|x64
		{BB7984E6-E89F-3B09-A680-90CE7C82A936}.Debug|x64.Build.0 = Debug|x64
		{BB7984E6-E89F-3B09-A680-90CE7C82A936}.Release|x64.ActiveCfg = Release|x64
		{BB7984E6-E89F-3B09-A680-90CE7C82A936}.Release|x64.Build.0 = Release|x64
		{778374C6-F80C-3541-A29A-C50D25CD382E}.Debug|x64.ActiveCfg = Debug|x64
		{778374C6-F80C-3541-A29A-C50D25CD382E}.Debug|x64.Build.0 = Debug|x64
		{778374C6-F80C-3541-A29A-C50D25CD382E}.Release|x64.ActiveCfg = Release|x64
		{778374C6-F80C-3541-A29A-C50D25CD382E}.Release|x64.Build.0 = Release|x64
		{947A5D26-5442-3D3A-95AB-3A61306AA9B5}.Debug|x64.ActiveCfg = Debug|x64
		{947A5D26-5442-3D3A-95AB-3A61306AA9B5}.Debug|x64.Build.0 = Debug|x64
		{947A5D26-5442-3D3A-95AB-3A61306AA9B5}.Release|x64.ActiveCfg = Release|x64
		{947A5D26-5442-3D3A-95AB-3A61306AA9B5}.Release|x64.Build.0 = Release|x64
		{1D42C3BB-5F67-37A4-BB76-DDC85E51701A}.Debug|x64.ActiveCfg = Debug|x64
		{1D42C3BB-5F67-37A4-BB76-DDC85E51701A}.Debug|x64.Build.0 = Debug|x64
		{1D42C3BB-5F67-37A4-BB76-DDC85E51701A}.Release|x64.ActiveCfg = Release|x64
		{1D42C3BB-5F67-37A4-BB76-DDC85E51701A}.Release|x64.Build.0 = Release|x64
		{A080E10E-51B0-3A1B-9D81-3DD042D283DC}.Debug|x64.ActiveCfg = Debug|x64
		{A080E10E-51B0-3A1B-9D81-3DD042D283DC}.Debug|x64.Build.0 = Debug|x64
		{A080E10E-51B0-3A1B-9D81-3DD042D283DC}.Release|x64.ActiveCfg = Release|x64
		{A080E10E-51B0-3A1B-9D81-3DD042D283DC}.Release|x64.Build.0 = Release|x64
		{67F25F01-CD5D-3324-8C28-67B18E6D04E2}.Debug|x64.ActiveCfg = Debug|x64
		{67F25F01-CD5D-3324-8C28-67B18E6D04E2}.Release|x64.ActiveCfg = Release|x64
		{18A3E4F5-E58D-33FE-98C0-D552FDFE6C05}.Debug|x64.ActiveCfg = Debug|x64
		{18A3E4F5-E58D-33FE-98C0-D552FDFE6C05}.Debug|x64.Build.0 = Debug|x64
		{18A3E4F5-E58D-33FE-98C0-D552FDFE6C05}.Release|x64.ActiveCfg = Release|x64
		{18A3E4F5-E58D-33FE-98C0-D552FDFE6C05}.Release|x64.Build.0 = Release|x64
		{D5DC2487-7E0C-3315-86B1-EAA8A964A097}.Debug|x64.ActiveCfg = Debug|x64
		{D5DC2487-7E0C-3315-86B1-EAA8A964A097}.Debug|x64.Build.0 = Debug|x64
		{D5DC2487-7E0C-3315-86B1-EAA8A964A097}.Release|x64.ActiveCfg = Release|x64
		{D5DC2487-7E0C-3315-86B1-EAA8A964A097}.Release|x64.Build.0 = Release|x64
		{9617DC77-3509-3417-A02F-86037EDACBD3}.Debug|x64.ActiveCfg = Debug|x64
		{9617DC77-3509-3417-A02F-86037EDACBD3}.Debug|x64.Build.0 = Debug|x64
		{9617DC77-3509-3417-A02F-86037EDACBD3}.Release|x64.ActiveCfg = Release|x64
		{9617DC77-3509-3417-A02F-86037EDACBD3}.Release|x64.Build.0 = Release|x64
		{39B3548F-5B85-3350-A1FC-100711E97B1A}.Debug|x64.ActiveCfg = Debug|x64
		{39B3548F-5B85-3350-A1FC-100711E97B1A}.Debug|x64.Build.0 = Debug|x64
		{39B3548F-5B85-3350-A1FC-100711E97B1A}.Release|x64.ActiveCfg = Release|x64
		{39B3548F-5B85-3350-A1FC-100711E97B1A}.Release|x64.Build.0 = Release|x64
		{81C1F8D6-BA83-3702-B58D-A908176D17F8}.Debug|x64.ActiveCfg = Debug|x64
		{81C1F8D6-BA83-3702-B58D-A908176D17F8}.Debug|x64.Build.0 = Debug|x64
		{81C1F8D6-BA83-3702-B58D-A908176D17F8}.Release|x64.ActiveCfg = Release|x64
		{81C1F8D6-BA83-3702-B58D-A908176D17F8}.Release|x64.Build.0 = Release|x64
		{A437CDE6-339C-334E-98DD-708B0568A1C1}.Debug|x64.ActiveCfg = Debug|x64
		{A437CDE6-339C-334E-98DD-708B0568A1C1}.Debug|x64.Build.0 = Debug|x64
		{A437CDE6-339C-334E-98DD-708B0568A1C1}.Release|x64.ActiveCfg = Release|x64
		{A437CDE6-339C-334E-98DD-708B0568A1C1}.Release|x64.Build.0 = Release|x64
		{F935B8F9-DC2A-35AC-B655-F05CE4BEB3D3}.Debug|x64.ActiveCfg = Debug|x64
		{F935B8F9-DC2A-35AC-B655-F05CE4BEB3D3}.Debug|x64.Build.0 = Debug|x64
		{F935B8F9-DC2A-35AC-B655-F05CE4BEB3D3}.Release|x64.ActiveCfg = Release|x64
		{F935B8F9-DC2A-35AC-B655-F05CE4BEB3D3}.Release|x64.Build.0 = Release|x64
		{A43A5E22-33C8-3E18-B323-56AD3897A9B3}.Debug|x64.ActiveCfg = Debug|x64
		{A43A5E22-33C8-3E18-B323-56AD3897A9B3}.Debug|x64.Build.0 = Debug|x64
		{A43A5E22-33C8-3E18-B323-56AD3897A9B3}.Release|x64.ActiveCfg = Release|x64
		{A43A5E22-33C8-3E18-B323-56AD3897A9B3}.Release|x64.Build.0 = Release|x64
		{EEA7439C-060D-3967-9290-80FB7A9F9E1F}.Debug|x64.ActiveCfg = Debug|x64
		{EEA7439C-060D-3967-9290-80FB7A9F9E1F}.Debug|x64.Build.0 = Debug|x64
		{EEA7439C-060D-3967-9290-80FB7A9F9E1F}.Release|x64.ActiveCfg = Release|x64
		{EEA7439C-060D-3967-9290-80FB7A9F9E1F}.Release|x64.Build.0 = Release|x64
		{B5BCC150-DAAF-3489-BB91-B1218F66CC24}.Debug|x64.ActiveCfg = Debug|x64
		{B5BCC150-DAAF-3489-BB91-B1218F66CC24}.Release|x64.ActiveCfg = Release|x64
		{47146F9B-20AF-3747-B1AB-BBD6109F653D}.Debug|x64.ActiveCfg = Debug|x64
		{47146F9B-20AF-3747-B1AB-BBD6109F653D}.Debug|x64.Build.0 = Debug|x64
		{47146F9B-20AF-3747-B1AB-BBD6109F653D}.Release|x64.ActiveCfg = Release|x64
		{47146F9B-20AF-3747-B1AB-BBD6109F653D}.Release|x64.Build.0 = Release|x64
	EndGlobalSection
	GlobalSection(NestedProjects) = preSolution
		{2BC246F0-4DD2-36A3-9CE8-401B370D7A7B} = {BCF3C06C-5D15-330A-96C4-54D92EEB76CD}
		{13CE5952-EDE2-3304-ABF8-8C4E8E86090C} = {BCF3C06C-5D15-330A-96C4-54D92EEB76CD}
		{E6DF1F89-C7D7-336B-8B55-419E1D9BB7FA} = {BCF3C06C-5D15-330A-96C4-54D92EEB76CD}
		{47146F9B-20AF-3747-B1AB-BBD6109F653D} = {BCF3C06C-5D15-330A-96C4-54D92EEB76CD}
		{1AC2AB98-72C9-3F84-84EC-EBAB7E21D8D6} = {8821DD92-FCA4-37D0-882F-6BA54DEF3C9A}
		{118E814A-0B32-35E2-8515-6BF965C2C829} = {8821DD92-FCA4-37D0-882F-6BA54DEF3C9A}
		{47D45E07-8371-315D-84D6-65691B6972BE} = {8821DD92-FCA4-37D0-882F-6BA54DEF3C9A}
		{F5142EFE-DC2F-3ECB-B212-88AEB2BCD072} = {8821DD92-FCA4-37D0-882F-6BA54DEF3C9A}
		{A1269DED-497E-306A-885A-E935664A0CC4} = {8821DD92-FCA4-37D0-882F-6BA54DEF3C9A}
		{B5BCC150-DAAF-3489-BB91-B1218F66CC24} = {8821DD92-FCA4-37D0-882F-6BA54DEF3C9A}
		{19B493E0-5DB5-3845-8D28-568D1B62E45A} = {EC26A259-F61F-3E95-85A4-DA4075FEC046}
		{D7EBB76E-6930-3CE8-A9AA-71A4FCBED482} = {EC26A259-F61F-3E95-85A4-DA4075FEC046}
		{DB096851-DD3E-3E4E-A726-7F6D73911413} = {EC26A259-F61F-3E95-85A4-DA4075FEC046}
		{5757A4E0-AD3F-319D-931F-E00CDFB36996} = {EC26A259-F61F-3E95-85A4-DA4075FEC046}
		{947A5D26-5442-3D3A-95AB-3A61306AA9B5} = {EC26A259-F61F-3E95-85A4-DA4075FEC046}
		{1D42C3BB-5F67-37A4-BB76-DDC85E51701A} = {EC26A259-F61F-3E95-85A4-DA4075FEC046}
		{D5DC2487-7E0C-3315-86B1-EAA8A964A097} = {EC26A259-F61F-3E95-85A4-DA4075FEC046}
		{67F25F01-CD5D-3324-8C28-67B18E6D04E2} = {01E18543-7313-3F45-AADE-4DA6806FC024}
		{1D355244-52AF-3074-9BCA-5C79E50FF1F5} = {ABB322EC-65F2-3462-8AE7-F5B4795E1525}
		{11E027A0-5AEA-342B-9D9D-6E47A551B7C1} = {ABB322EC-65F2-3462-8AE7-F5B4795E1525}
		{64A7DA8A-711C-3685-BB0F-E1EF16039320} = {ABB322EC-65F2-3462-8AE7-F5B4795E1525}
		{6E4EC9BE-ED98-38B4-AA9F-B64BA4C68324} = {ABB322EC-65F2-3462-8AE7-F5B4795E1525}
		{0F412C32-E27E-32DD-B948-03378ABA0D4B} = {ABB322EC-65F2-3462-8AE7-F5B4795E1525}
		{EF594D11-B2B0-3622-A98B-291C36194227} = {ABB322EC-65F2-3462-8AE7-F5B4795E1525}
		{38336D79-20C5-3F96-B4E4-A080A86B0B1E} = {ABB322EC-65F2-3462-8AE7-F5B4795E1525}
		{7F9C73AC-B90C-3CC7-A669-E084F3608E32} = {ABB322EC-65F2-3462-8AE7-F5B4795E1525}
		{9322BE82-8003-3E86-86FC-168C3A227319} = {ABB322EC-65F2-3462-8AE7-F5B4795E1525}
		{1E682D63-2882-3690-B848-6222F35C3835} = {ABB322EC-65F2-3462-8AE7-F5B4795E1525}
		{EDD5D2D3-5FF8-3E04-8A95-68AECFB93185} = {ABB322EC-65F2-3462-8AE7-F5B4795E1525}
		{9ED50369-3F39-3D13-B805-A21E27D4BBED} = {ABB322EC-65F2-3462-8AE7-F5B4795E1525}
		{3925F2E8-581B-3897-A91C-C9220797A390} = {ABB322EC-65F2-3462-8AE7-F5B4795E1525}
		{2C3FBE63-74E9-341E-82E7-D56314B5BD8B} = {ABB322EC-65F2-3462-8AE7-F5B4795E1525}
		{47CAFCD1-AA24-3BF3-B450-9A85B7857A7D} = {ABB322EC-65F2-3462-8AE7-F5B4795E1525}
		{6E38D95D-7533-36B6-8364-578E8957CBDB} = {ABB322EC-65F2-3462-8AE7-F5B4795E1525}
		{3F1F7CAE-1AA9-30FC-B57C-FD12AC5F9590} = {ABB322EC-65F2-3462-8AE7-F5B4795E1525}
		{397A4427-A743-3797-96EE-D33D94E17491} = {ABB322EC-65F2-3462-8AE7-F5B4795E1525}
		{BB7984E6-E89F-3B09-A680-90CE7C82A936} = {ABB322EC-65F2-3462-8AE7-F5B4795E1525}
		{778374C6-F80C-3541-A29A-C50D25CD382E} = {ABB322EC-65F2-3462-8AE7-F5B4795E1525}
		{A080E10E-51B0-3A1B-9D81-3DD042D283DC} = {ABB322EC-65F2-3462-8AE7-F5B4795E1525}
		{18A3E4F5-E58D-33FE-98C0-D552FDFE6C05} = {ABB322EC-65F2-3462-8AE7-F5B4795E1525}
		{9617DC77-3509-3417-A02F-86037EDACBD3} = {ABB322EC-65F2-3462-8AE7-F5B4795E1525}
		{39B3548F-5B85-3350-A1FC-100711E97B1A} = {ABB322EC-65F2-3462-8AE7-F5B4795E1525}
		{81C1F8D6-BA83-3702-B58D-A908176D17F8} = {ABB322EC-65F2-3462-8AE7-F5B4795E1525}
		{A437CDE6-339C-334E-98DD-708B0568A1C1} = {ABB322EC-65F2-3462-8AE7-F5B4795E1525}
		{F935B8F9-DC2A-35AC-B655-F05CE4BEB3D3} = {ABB322EC-65F2-3462-8AE7-F5B4795E1525}
		{A43A5E22-33C8-3E18-B323-56AD3897A9B3} = {ABB322EC-65F2-3462-8AE7-F5B4795E1525}
		{EEA7439C-060D-3967-9290-80FB7A9F9E1F} = {ABB322EC-65F2-3462-8AE7-F5B4795E1525}
	EndGlobalSection
	GlobalSection(ExtensibilityGlobals) = postSolution
		SolutionGuid = {E4CE054E-EB82-3031-A6C1-CBF9F326B70D}
	EndGlobalSection
	GlobalSection(ExtensibilityAddIns) = postSolution
	EndGlobalSection
EndGlobal
