<?xml version="1.0" encoding="utf-8"?>
<Project ToolsVersion="12.0" xmlns="http://schemas.microsoft.com/developer/msbuild/2003">
  <ItemGroup>
    <ClCompile Include="D:\code\opencv-code\opencv-windows-build345\modules\ml\src\ann_mlp.cpp">
      <Filter>Src</Filter>
    </ClCompile>
    <ClCompile Include="D:\code\opencv-code\opencv-windows-build345\modules\ml\src\boost.cpp">
      <Filter>Src</Filter>
    </ClCompile>
    <ClCompile Include="D:\code\opencv-code\opencv-windows-build345\modules\ml\src\data.cpp">
      <Filter>Src</Filter>
    </ClCompile>
    <ClCompile Include="D:\code\opencv-code\opencv-windows-build345\modules\ml\src\em.cpp">
      <Filter>Src</Filter>
    </ClCompile>
    <ClCompile Include="D:\code\opencv-code\opencv-windows-build345\modules\ml\src\gbt.cpp">
      <Filter>Src</Filter>
    </ClCompile>
    <ClCompile Include="D:\code\opencv-code\opencv-windows-build345\modules\ml\src\inner_functions.cpp">
      <Filter>Src</Filter>
    </ClCompile>
    <ClCompile Include="D:\code\opencv-code\opencv-windows-build345\modules\ml\src\kdtree.cpp">
      <Filter>Src</Filter>
    </ClCompile>
    <ClCompile Include="D:\code\opencv-code\opencv-windows-build345\modules\ml\src\knearest.cpp">
      <Filter>Src</Filter>
    </ClCompile>
    <ClCompile Include="D:\code\opencv-code\opencv-windows-build345\modules\ml\src\lr.cpp">
      <Filter>Src</Filter>
    </ClCompile>
    <ClCompile Include="D:\code\opencv-code\opencv-windows-build345\modules\ml\src\nbayes.cpp">
      <Filter>Src</Filter>
    </ClCompile>
    <ClCompile Include="D:\code\opencv-code\opencv-windows-build345\modules\ml\src\rtrees.cpp">
      <Filter>Src</Filter>
    </ClCompile>
    <ClCompile Include="D:\code\opencv-code\opencv-windows-build345\modules\ml\src\svm.cpp">
      <Filter>Src</Filter>
    </ClCompile>
    <ClCompile Include="D:\code\opencv-code\opencv-windows-build345\modules\ml\src\svmsgd.cpp">
      <Filter>Src</Filter>
    </ClCompile>
    <ClCompile Include="D:\code\opencv-code\opencv-windows-build345\modules\ml\src\testset.cpp">
      <Filter>Src</Filter>
    </ClCompile>
    <ClCompile Include="D:\code\opencv-code\opencv-windows-build345\modules\ml\src\tree.cpp">
      <Filter>Src</Filter>
    </ClCompile>
    <ClCompile Include="D:\code\opencv-code\opencv-windows-build345\build-dnn-gpu\modules\ml\opencv_ml_pch.cpp">
      <Filter>Src</Filter>
    </ClCompile>
    <ClCompile Include="D:\code\opencv-code\opencv-windows-build345\build-dnn-gpu\modules\ml\opencv_ml_main.cpp">
      <Filter>Source Files</Filter>
    </ClCompile>
  </ItemGroup>
  <ItemGroup>
    <ClInclude Include="D:\code\opencv-code\opencv-windows-build345\modules\ml\include\opencv2\ml.hpp">
      <Filter>Include\opencv2</Filter>
    </ClInclude>
    <ClInclude Include="D:\code\opencv-code\opencv-windows-build345\modules\ml\include\opencv2\ml\ml.hpp">
      <Filter>Include\opencv2\ml</Filter>
    </ClInclude>
    <ClInclude Include="D:\code\opencv-code\opencv-windows-build345\modules\ml\include\opencv2\ml\ml.inl.hpp">
      <Filter>Include\opencv2\ml</Filter>
    </ClInclude>
    <ClInclude Include="D:\code\opencv-code\opencv-windows-build345\modules\ml\src\kdtree.hpp">
      <Filter>Src</Filter>
    </ClInclude>
    <ClInclude Include="D:\code\opencv-code\opencv-windows-build345\modules\ml\src\precomp.hpp">
      <Filter>Src</Filter>
    </ClInclude>
    <ClInclude Include="D:\code\opencv-code\opencv-windows-build345\build-dnn-gpu\cvconfig.h">
      <Filter>Include</Filter>
    </ClInclude>
    <ClInclude Include="D:\code\opencv-code\opencv-windows-build345\build-dnn-gpu\opencv2\opencv_modules.hpp">
      <Filter>Include</Filter>
    </ClInclude>
  </ItemGroup>
  <ItemGroup>
    <CustomBuild Include="D:\code\opencv-code\opencv-windows-build345\modules\ml\CMakeLists.txt" />
  </ItemGroup>
  <ItemGroup>
    <ResourceCompile Include="D:\code\opencv-code\opencv-windows-build345\build-dnn-gpu\modules\ml\vs_version.rc">
      <Filter>Src</Filter>
    </ResourceCompile>
  </ItemGroup>
  <ItemGroup>
    <Filter Include="Include">
      <UniqueIdentifier>{9DF1B291-E6B0-33E4-BC6C-C53AF40E6D59}</UniqueIdentifier>
    </Filter>
    <Filter Include="Include\opencv2">
      <UniqueIdentifier>{41B254F0-6395-3255-A3CA-6FE5F3E47B2E}</UniqueIdentifier>
    </Filter>
    <Filter Include="Include\opencv2\ml">
      <UniqueIdentifier>{CF039465-83A7-3C35-80E5-DF55090E6591}</UniqueIdentifier>
    </Filter>
    <Filter Include="Source Files">
      <UniqueIdentifier>{0FA2E0EA-45E7-34D4-BEF7-FD5F6BDEB376}</UniqueIdentifier>
    </Filter>
    <Filter Include="Src">
      <UniqueIdentifier>{CEFABED2-5FDC-3EFB-9917-6D77D1471FF8}</UniqueIdentifier>
    </Filter>
  </ItemGroup>
</Project>
