<?xml version="1.0" encoding="utf-8"?>
<Project ToolsVersion="12.0" xmlns="http://schemas.microsoft.com/developer/msbuild/2003">
  <ItemGroup>
    <ClCompile Include="D:\code\opencv-code\opencv-windows-build345\modules\imgproc\src\accum.cpp">
      <Filter>Src</Filter>
    </ClCompile>
    <ClCompile Include="D:\code\opencv-code\opencv-windows-build345\modules\imgproc\src\accum.dispatch.cpp">
      <Filter>Src</Filter>
    </ClCompile>
    <ClCompile Include="D:\code\opencv-code\opencv-windows-build345\modules\imgproc\src\approx.cpp">
      <Filter>Src</Filter>
    </ClCompile>
    <ClCompile Include="D:\code\opencv-code\opencv-windows-build345\modules\imgproc\src\bilateral_filter.cpp">
      <Filter>Src</Filter>
    </ClCompile>
    <ClCompile Include="D:\code\opencv-code\opencv-windows-build345\modules\imgproc\src\blend.cpp">
      <Filter>Src</Filter>
    </ClCompile>
    <ClCompile Include="D:\code\opencv-code\opencv-windows-build345\modules\imgproc\src\box_filter.cpp">
      <Filter>Src</Filter>
    </ClCompile>
    <ClCompile Include="D:\code\opencv-code\opencv-windows-build345\modules\imgproc\src\canny.cpp">
      <Filter>Src</Filter>
    </ClCompile>
    <ClCompile Include="D:\code\opencv-code\opencv-windows-build345\modules\imgproc\src\clahe.cpp">
      <Filter>Src</Filter>
    </ClCompile>
    <ClCompile Include="D:\code\opencv-code\opencv-windows-build345\modules\imgproc\src\color.cpp">
      <Filter>Src</Filter>
    </ClCompile>
    <ClCompile Include="D:\code\opencv-code\opencv-windows-build345\modules\imgproc\src\color_hsv.cpp">
      <Filter>Src</Filter>
    </ClCompile>
    <ClCompile Include="D:\code\opencv-code\opencv-windows-build345\modules\imgproc\src\color_lab.cpp">
      <Filter>Src</Filter>
    </ClCompile>
    <ClCompile Include="D:\code\opencv-code\opencv-windows-build345\modules\imgproc\src\color_rgb.cpp">
      <Filter>Src</Filter>
    </ClCompile>
    <ClCompile Include="D:\code\opencv-code\opencv-windows-build345\modules\imgproc\src\color_yuv.cpp">
      <Filter>Src</Filter>
    </ClCompile>
    <ClCompile Include="D:\code\opencv-code\opencv-windows-build345\modules\imgproc\src\colormap.cpp">
      <Filter>Src</Filter>
    </ClCompile>
    <ClCompile Include="D:\code\opencv-code\opencv-windows-build345\modules\imgproc\src\connectedcomponents.cpp">
      <Filter>Src</Filter>
    </ClCompile>
    <ClCompile Include="D:\code\opencv-code\opencv-windows-build345\modules\imgproc\src\contours.cpp">
      <Filter>Src</Filter>
    </ClCompile>
    <ClCompile Include="D:\code\opencv-code\opencv-windows-build345\modules\imgproc\src\convhull.cpp">
      <Filter>Src</Filter>
    </ClCompile>
    <ClCompile Include="D:\code\opencv-code\opencv-windows-build345\modules\imgproc\src\corner.cpp">
      <Filter>Src</Filter>
    </ClCompile>
    <ClCompile Include="D:\code\opencv-code\opencv-windows-build345\modules\imgproc\src\cornersubpix.cpp">
      <Filter>Src</Filter>
    </ClCompile>
    <ClCompile Include="D:\code\opencv-code\opencv-windows-build345\modules\imgproc\src\demosaicing.cpp">
      <Filter>Src</Filter>
    </ClCompile>
    <ClCompile Include="D:\code\opencv-code\opencv-windows-build345\modules\imgproc\src\deriv.cpp">
      <Filter>Src</Filter>
    </ClCompile>
    <ClCompile Include="D:\code\opencv-code\opencv-windows-build345\modules\imgproc\src\distransform.cpp">
      <Filter>Src</Filter>
    </ClCompile>
    <ClCompile Include="D:\code\opencv-code\opencv-windows-build345\modules\imgproc\src\drawing.cpp">
      <Filter>Src</Filter>
    </ClCompile>
    <ClCompile Include="D:\code\opencv-code\opencv-windows-build345\modules\imgproc\src\emd.cpp">
      <Filter>Src</Filter>
    </ClCompile>
    <ClCompile Include="D:\code\opencv-code\opencv-windows-build345\modules\imgproc\src\featureselect.cpp">
      <Filter>Src</Filter>
    </ClCompile>
    <ClCompile Include="D:\code\opencv-code\opencv-windows-build345\modules\imgproc\src\filter.cpp">
      <Filter>Src</Filter>
    </ClCompile>
    <ClCompile Include="D:\code\opencv-code\opencv-windows-build345\modules\imgproc\src\floodfill.cpp">
      <Filter>Src</Filter>
    </ClCompile>
    <ClCompile Include="D:\code\opencv-code\opencv-windows-build345\modules\imgproc\src\gabor.cpp">
      <Filter>Src</Filter>
    </ClCompile>
    <ClCompile Include="D:\code\opencv-code\opencv-windows-build345\modules\imgproc\src\generalized_hough.cpp">
      <Filter>Src</Filter>
    </ClCompile>
    <ClCompile Include="D:\code\opencv-code\opencv-windows-build345\modules\imgproc\src\geometry.cpp">
      <Filter>Src</Filter>
    </ClCompile>
    <ClCompile Include="D:\code\opencv-code\opencv-windows-build345\modules\imgproc\src\grabcut.cpp">
      <Filter>Src</Filter>
    </ClCompile>
    <ClCompile Include="D:\code\opencv-code\opencv-windows-build345\modules\imgproc\src\hershey_fonts.cpp">
      <Filter>Src</Filter>
    </ClCompile>
    <ClCompile Include="D:\code\opencv-code\opencv-windows-build345\modules\imgproc\src\histogram.cpp">
      <Filter>Src</Filter>
    </ClCompile>
    <ClCompile Include="D:\code\opencv-code\opencv-windows-build345\modules\imgproc\src\hough.cpp">
      <Filter>Src</Filter>
    </ClCompile>
    <ClCompile Include="D:\code\opencv-code\opencv-windows-build345\modules\imgproc\src\imgwarp.cpp">
      <Filter>Src</Filter>
    </ClCompile>
    <ClCompile Include="D:\code\opencv-code\opencv-windows-build345\modules\imgproc\src\intersection.cpp">
      <Filter>Src</Filter>
    </ClCompile>
    <ClCompile Include="D:\code\opencv-code\opencv-windows-build345\modules\imgproc\src\linefit.cpp">
      <Filter>Src</Filter>
    </ClCompile>
    <ClCompile Include="D:\code\opencv-code\opencv-windows-build345\modules\imgproc\src\lsd.cpp">
      <Filter>Src</Filter>
    </ClCompile>
    <ClCompile Include="D:\code\opencv-code\opencv-windows-build345\modules\imgproc\src\main.cpp">
      <Filter>Src</Filter>
    </ClCompile>
    <ClCompile Include="D:\code\opencv-code\opencv-windows-build345\modules\imgproc\src\matchcontours.cpp">
      <Filter>Src</Filter>
    </ClCompile>
    <ClCompile Include="D:\code\opencv-code\opencv-windows-build345\modules\imgproc\src\median_blur.cpp">
      <Filter>Src</Filter>
    </ClCompile>
    <ClCompile Include="D:\code\opencv-code\opencv-windows-build345\modules\imgproc\src\min_enclosing_triangle.cpp">
      <Filter>Src</Filter>
    </ClCompile>
    <ClCompile Include="D:\code\opencv-code\opencv-windows-build345\modules\imgproc\src\moments.cpp">
      <Filter>Src</Filter>
    </ClCompile>
    <ClCompile Include="D:\code\opencv-code\opencv-windows-build345\modules\imgproc\src\morph.cpp">
      <Filter>Src</Filter>
    </ClCompile>
    <ClCompile Include="D:\code\opencv-code\opencv-windows-build345\modules\imgproc\src\phasecorr.cpp">
      <Filter>Src</Filter>
    </ClCompile>
    <ClCompile Include="D:\code\opencv-code\opencv-windows-build345\modules\imgproc\src\pyramids.cpp">
      <Filter>Src</Filter>
    </ClCompile>
    <ClCompile Include="D:\code\opencv-code\opencv-windows-build345\modules\imgproc\src\resize.cpp">
      <Filter>Src</Filter>
    </ClCompile>
    <ClCompile Include="D:\code\opencv-code\opencv-windows-build345\modules\imgproc\src\rotcalipers.cpp">
      <Filter>Src</Filter>
    </ClCompile>
    <ClCompile Include="D:\code\opencv-code\opencv-windows-build345\modules\imgproc\src\samplers.cpp">
      <Filter>Src</Filter>
    </ClCompile>
    <ClCompile Include="D:\code\opencv-code\opencv-windows-build345\modules\imgproc\src\segmentation.cpp">
      <Filter>Src</Filter>
    </ClCompile>
    <ClCompile Include="D:\code\opencv-code\opencv-windows-build345\modules\imgproc\src\shapedescr.cpp">
      <Filter>Src</Filter>
    </ClCompile>
    <ClCompile Include="D:\code\opencv-code\opencv-windows-build345\modules\imgproc\src\smooth.cpp">
      <Filter>Src</Filter>
    </ClCompile>
    <ClCompile Include="D:\code\opencv-code\opencv-windows-build345\modules\imgproc\src\spatialgradient.cpp">
      <Filter>Src</Filter>
    </ClCompile>
    <ClCompile Include="D:\code\opencv-code\opencv-windows-build345\modules\imgproc\src\subdivision2d.cpp">
      <Filter>Src</Filter>
    </ClCompile>
    <ClCompile Include="D:\code\opencv-code\opencv-windows-build345\modules\imgproc\src\sumpixels.cpp">
      <Filter>Src</Filter>
    </ClCompile>
    <ClCompile Include="D:\code\opencv-code\opencv-windows-build345\modules\imgproc\src\tables.cpp">
      <Filter>Src</Filter>
    </ClCompile>
    <ClCompile Include="D:\code\opencv-code\opencv-windows-build345\modules\imgproc\src\templmatch.cpp">
      <Filter>Src</Filter>
    </ClCompile>
    <ClCompile Include="D:\code\opencv-code\opencv-windows-build345\modules\imgproc\src\thresh.cpp">
      <Filter>Src</Filter>
    </ClCompile>
    <ClCompile Include="D:\code\opencv-code\opencv-windows-build345\modules\imgproc\src\undistort.cpp">
      <Filter>Src</Filter>
    </ClCompile>
    <ClCompile Include="D:\code\opencv-code\opencv-windows-build345\modules\imgproc\src\utils.cpp">
      <Filter>Src</Filter>
    </ClCompile>
    <ClCompile Include="D:\code\opencv-code\opencv-windows-build345\build-dnn-gpu\modules\imgproc\opencl_kernels_imgproc.cpp">
      <Filter>Src\opencl\kernels\autogenerated</Filter>
    </ClCompile>
    <ClCompile Include="D:\code\opencv-code\opencv-windows-build345\build-dnn-gpu\modules\imgproc\opencv_imgproc_pch.cpp">
      <Filter>Src</Filter>
    </ClCompile>
    <ClCompile Include="D:\code\opencv-code\opencv-windows-build345\build-dnn-gpu\modules\imgproc\opencv_imgproc_main.cpp">
      <Filter>Source Files</Filter>
    </ClCompile>
  </ItemGroup>
  <ItemGroup>
    <ClInclude Include="D:\code\opencv-code\opencv-windows-build345\modules\imgproc\include\opencv2\imgproc.hpp">
      <Filter>Include\opencv2</Filter>
    </ClInclude>
    <ClInclude Include="D:\code\opencv-code\opencv-windows-build345\modules\imgproc\include\opencv2\imgproc\imgproc.hpp">
      <Filter>Include\opencv2\imgproc</Filter>
    </ClInclude>
    <ClInclude Include="D:\code\opencv-code\opencv-windows-build345\modules\imgproc\include\opencv2\imgproc\imgproc_c.h">
      <Filter>Include\opencv2\imgproc</Filter>
    </ClInclude>
    <ClInclude Include="D:\code\opencv-code\opencv-windows-build345\modules\imgproc\include\opencv2\imgproc\types_c.h">
      <Filter>Include\opencv2\imgproc</Filter>
    </ClInclude>
    <ClInclude Include="D:\code\opencv-code\opencv-windows-build345\modules\imgproc\include\opencv2\imgproc\hal\hal.hpp">
      <Filter>Include\opencv2\imgproc\hal</Filter>
    </ClInclude>
    <ClInclude Include="D:\code\opencv-code\opencv-windows-build345\modules\imgproc\include\opencv2\imgproc\hal\interface.h">
      <Filter>Include\opencv2\imgproc\hal</Filter>
    </ClInclude>
    <ClInclude Include="D:\code\opencv-code\opencv-windows-build345\modules\imgproc\include\opencv2\imgproc\detail\distortion_model.hpp">
      <Filter>Include\opencv2\imgproc\detail</Filter>
    </ClInclude>
    <ClInclude Include="D:\code\opencv-code\opencv-windows-build345\build-dnn-gpu\modules\imgproc\opencl_kernels_imgproc.hpp">
      <Filter>Src\opencl\kernels\autogenerated</Filter>
    </ClInclude>
    <ClInclude Include="D:\code\opencv-code\opencv-windows-build345\modules\imgproc\src\accum.simd.hpp">
      <Filter>Src</Filter>
    </ClInclude>
    <ClInclude Include="D:\code\opencv-code\opencv-windows-build345\modules\imgproc\src\color.hpp">
      <Filter>Src</Filter>
    </ClInclude>
    <ClInclude Include="D:\code\opencv-code\opencv-windows-build345\modules\imgproc\src\corner.hpp">
      <Filter>Src</Filter>
    </ClInclude>
    <ClInclude Include="D:\code\opencv-code\opencv-windows-build345\modules\imgproc\src\filter.hpp">
      <Filter>Src</Filter>
    </ClInclude>
    <ClInclude Include="D:\code\opencv-code\opencv-windows-build345\modules\imgproc\src\filterengine.hpp">
      <Filter>Src</Filter>
    </ClInclude>
    <ClInclude Include="D:\code\opencv-code\opencv-windows-build345\modules\imgproc\src\fixedpoint.inl.hpp">
      <Filter>Src</Filter>
    </ClInclude>
    <ClInclude Include="D:\code\opencv-code\opencv-windows-build345\modules\imgproc\src\gcgraph.hpp">
      <Filter>Src</Filter>
    </ClInclude>
    <ClInclude Include="D:\code\opencv-code\opencv-windows-build345\modules\imgproc\src\hal_replacement.hpp">
      <Filter>Src</Filter>
    </ClInclude>
    <ClInclude Include="D:\code\opencv-code\opencv-windows-build345\modules\imgproc\src\imgwarp.hpp">
      <Filter>Src</Filter>
    </ClInclude>
    <ClInclude Include="D:\code\opencv-code\opencv-windows-build345\modules\imgproc\src\precomp.hpp">
      <Filter>Src</Filter>
    </ClInclude>
    <ClInclude Include="D:\code\opencv-code\opencv-windows-build345\modules\imgproc\src\resize.hpp">
      <Filter>Src</Filter>
    </ClInclude>
    <ClInclude Include="D:\code\opencv-code\opencv-windows-build345\modules\imgproc\src\undistort.hpp">
      <Filter>Src</Filter>
    </ClInclude>
    <ClInclude Include="D:\code\opencv-code\opencv-windows-build345\modules\imgproc\src\_geom.h">
      <Filter>Src</Filter>
    </ClInclude>
    <ClInclude Include="D:\code\opencv-code\opencv-windows-build345\build-dnn-gpu\cvconfig.h">
      <Filter>Include</Filter>
    </ClInclude>
    <ClInclude Include="D:\code\opencv-code\opencv-windows-build345\build-dnn-gpu\opencv2\opencv_modules.hpp">
      <Filter>Include</Filter>
    </ClInclude>
  </ItemGroup>
  <ItemGroup>
    <CustomBuild Include="D:\code\opencv-code\opencv-windows-build345\build-dnn-gpu\CMakeFiles\e7c7a31ef637ef1e516cf487f755d86b\opencl_kernels_imgproc.cpp.rule">
      <Filter>CMake Rules</Filter>
    </CustomBuild>
    <CustomBuild Include="D:\code\opencv-code\opencv-windows-build345\modules\imgproc\CMakeLists.txt" />
  </ItemGroup>
  <ItemGroup>
    <None Include="D:\code\opencv-code\opencv-windows-build345\modules\imgproc\src\opencl\accumulate.cl">
      <Filter>Src\opencl\kernels</Filter>
    </None>
    <None Include="D:\code\opencv-code\opencv-windows-build345\modules\imgproc\src\opencl\bilateral.cl">
      <Filter>Src\opencl\kernels</Filter>
    </None>
    <None Include="D:\code\opencv-code\opencv-windows-build345\modules\imgproc\src\opencl\blend_linear.cl">
      <Filter>Src\opencl\kernels</Filter>
    </None>
    <None Include="D:\code\opencv-code\opencv-windows-build345\modules\imgproc\src\opencl\boxFilter.cl">
      <Filter>Src\opencl\kernels</Filter>
    </None>
    <None Include="D:\code\opencv-code\opencv-windows-build345\modules\imgproc\src\opencl\boxFilter3x3.cl">
      <Filter>Src\opencl\kernels</Filter>
    </None>
    <None Include="D:\code\opencv-code\opencv-windows-build345\modules\imgproc\src\opencl\calc_back_project.cl">
      <Filter>Src\opencl\kernels</Filter>
    </None>
    <None Include="D:\code\opencv-code\opencv-windows-build345\modules\imgproc\src\opencl\canny.cl">
      <Filter>Src\opencl\kernels</Filter>
    </None>
    <None Include="D:\code\opencv-code\opencv-windows-build345\modules\imgproc\src\opencl\clahe.cl">
      <Filter>Src\opencl\kernels</Filter>
    </None>
    <None Include="D:\code\opencv-code\opencv-windows-build345\modules\imgproc\src\opencl\color_hsv.cl">
      <Filter>Src\opencl\kernels</Filter>
    </None>
    <None Include="D:\code\opencv-code\opencv-windows-build345\modules\imgproc\src\opencl\color_lab.cl">
      <Filter>Src\opencl\kernels</Filter>
    </None>
    <None Include="D:\code\opencv-code\opencv-windows-build345\modules\imgproc\src\opencl\color_rgb.cl">
      <Filter>Src\opencl\kernels</Filter>
    </None>
    <None Include="D:\code\opencv-code\opencv-windows-build345\modules\imgproc\src\opencl\color_yuv.cl">
      <Filter>Src\opencl\kernels</Filter>
    </None>
    <None Include="D:\code\opencv-code\opencv-windows-build345\modules\imgproc\src\opencl\corner.cl">
      <Filter>Src\opencl\kernels</Filter>
    </None>
    <None Include="D:\code\opencv-code\opencv-windows-build345\modules\imgproc\src\opencl\covardata.cl">
      <Filter>Src\opencl\kernels</Filter>
    </None>
    <None Include="D:\code\opencv-code\opencv-windows-build345\modules\imgproc\src\opencl\filter2D.cl">
      <Filter>Src\opencl\kernels</Filter>
    </None>
    <None Include="D:\code\opencv-code\opencv-windows-build345\modules\imgproc\src\opencl\filter2DSmall.cl">
      <Filter>Src\opencl\kernels</Filter>
    </None>
    <None Include="D:\code\opencv-code\opencv-windows-build345\modules\imgproc\src\opencl\filterSepCol.cl">
      <Filter>Src\opencl\kernels</Filter>
    </None>
    <None Include="D:\code\opencv-code\opencv-windows-build345\modules\imgproc\src\opencl\filterSepRow.cl">
      <Filter>Src\opencl\kernels</Filter>
    </None>
    <None Include="D:\code\opencv-code\opencv-windows-build345\modules\imgproc\src\opencl\filterSep_singlePass.cl">
      <Filter>Src\opencl\kernels</Filter>
    </None>
    <None Include="D:\code\opencv-code\opencv-windows-build345\modules\imgproc\src\opencl\filterSmall.cl">
      <Filter>Src\opencl\kernels</Filter>
    </None>
    <None Include="D:\code\opencv-code\opencv-windows-build345\modules\imgproc\src\opencl\gaussianBlur3x3.cl">
      <Filter>Src\opencl\kernels</Filter>
    </None>
    <None Include="D:\code\opencv-code\opencv-windows-build345\modules\imgproc\src\opencl\gaussianBlur5x5.cl">
      <Filter>Src\opencl\kernels</Filter>
    </None>
    <None Include="D:\code\opencv-code\opencv-windows-build345\modules\imgproc\src\opencl\gftt.cl">
      <Filter>Src\opencl\kernels</Filter>
    </None>
    <None Include="D:\code\opencv-code\opencv-windows-build345\modules\imgproc\src\opencl\histogram.cl">
      <Filter>Src\opencl\kernels</Filter>
    </None>
    <None Include="D:\code\opencv-code\opencv-windows-build345\modules\imgproc\src\opencl\hough_lines.cl">
      <Filter>Src\opencl\kernels</Filter>
    </None>
    <None Include="D:\code\opencv-code\opencv-windows-build345\modules\imgproc\src\opencl\integral_sum.cl">
      <Filter>Src\opencl\kernels</Filter>
    </None>
    <None Include="D:\code\opencv-code\opencv-windows-build345\modules\imgproc\src\opencl\laplacian3.cl">
      <Filter>Src\opencl\kernels</Filter>
    </None>
    <None Include="D:\code\opencv-code\opencv-windows-build345\modules\imgproc\src\opencl\laplacian5.cl">
      <Filter>Src\opencl\kernels</Filter>
    </None>
    <None Include="D:\code\opencv-code\opencv-windows-build345\modules\imgproc\src\opencl\linearPolar.cl">
      <Filter>Src\opencl\kernels</Filter>
    </None>
    <None Include="D:\code\opencv-code\opencv-windows-build345\modules\imgproc\src\opencl\logPolar.cl">
      <Filter>Src\opencl\kernels</Filter>
    </None>
    <None Include="D:\code\opencv-code\opencv-windows-build345\modules\imgproc\src\opencl\match_template.cl">
      <Filter>Src\opencl\kernels</Filter>
    </None>
    <None Include="D:\code\opencv-code\opencv-windows-build345\modules\imgproc\src\opencl\medianFilter.cl">
      <Filter>Src\opencl\kernels</Filter>
    </None>
    <None Include="D:\code\opencv-code\opencv-windows-build345\modules\imgproc\src\opencl\moments.cl">
      <Filter>Src\opencl\kernels</Filter>
    </None>
    <None Include="D:\code\opencv-code\opencv-windows-build345\modules\imgproc\src\opencl\morph.cl">
      <Filter>Src\opencl\kernels</Filter>
    </None>
    <None Include="D:\code\opencv-code\opencv-windows-build345\modules\imgproc\src\opencl\morph3x3.cl">
      <Filter>Src\opencl\kernels</Filter>
    </None>
    <None Include="D:\code\opencv-code\opencv-windows-build345\modules\imgproc\src\opencl\precornerdetect.cl">
      <Filter>Src\opencl\kernels</Filter>
    </None>
    <None Include="D:\code\opencv-code\opencv-windows-build345\modules\imgproc\src\opencl\pyr_down.cl">
      <Filter>Src\opencl\kernels</Filter>
    </None>
    <None Include="D:\code\opencv-code\opencv-windows-build345\modules\imgproc\src\opencl\pyr_up.cl">
      <Filter>Src\opencl\kernels</Filter>
    </None>
    <None Include="D:\code\opencv-code\opencv-windows-build345\modules\imgproc\src\opencl\pyramid_up.cl">
      <Filter>Src\opencl\kernels</Filter>
    </None>
    <None Include="D:\code\opencv-code\opencv-windows-build345\modules\imgproc\src\opencl\remap.cl">
      <Filter>Src\opencl\kernels</Filter>
    </None>
    <None Include="D:\code\opencv-code\opencv-windows-build345\modules\imgproc\src\opencl\resize.cl">
      <Filter>Src\opencl\kernels</Filter>
    </None>
    <None Include="D:\code\opencv-code\opencv-windows-build345\modules\imgproc\src\opencl\sepFilter3x3.cl">
      <Filter>Src\opencl\kernels</Filter>
    </None>
    <None Include="D:\code\opencv-code\opencv-windows-build345\modules\imgproc\src\opencl\threshold.cl">
      <Filter>Src\opencl\kernels</Filter>
    </None>
    <None Include="D:\code\opencv-code\opencv-windows-build345\modules\imgproc\src\opencl\warp_affine.cl">
      <Filter>Src\opencl\kernels</Filter>
    </None>
    <None Include="D:\code\opencv-code\opencv-windows-build345\modules\imgproc\src\opencl\warp_perspective.cl">
      <Filter>Src\opencl\kernels</Filter>
    </None>
    <None Include="D:\code\opencv-code\opencv-windows-build345\modules\imgproc\src\opencl\warp_transform.cl">
      <Filter>Src\opencl\kernels</Filter>
    </None>
  </ItemGroup>
  <ItemGroup>
    <Object Include="D:\code\opencv-code\opencv-windows-build345\build-dnn-gpu\modules\imgproc\opencv_imgproc_SSE4_1.dir\$(Configuration)\imgwarp.sse4_1.obj">
      <Filter>Object Libraries</Filter>
    </Object>
    <Object Include="D:\code\opencv-code\opencv-windows-build345\build-dnn-gpu\modules\imgproc\opencv_imgproc_SSE4_1.dir\$(Configuration)\resize.sse4_1.obj">
      <Filter>Object Libraries</Filter>
    </Object>
    <Object Include="D:\code\opencv-code\opencv-windows-build345\build-dnn-gpu\modules\imgproc\opencv_imgproc_SSE4_1.dir\$(Configuration)\accum.sse4_1.obj">
      <Filter>Object Libraries</Filter>
    </Object>
    <Object Include="D:\code\opencv-code\opencv-windows-build345\build-dnn-gpu\modules\imgproc\opencv_imgproc_AVX.dir\$(Configuration)\corner.avx.obj">
      <Filter>Object Libraries</Filter>
    </Object>
    <Object Include="D:\code\opencv-code\opencv-windows-build345\build-dnn-gpu\modules\imgproc\opencv_imgproc_AVX.dir\$(Configuration)\accum.avx.obj">
      <Filter>Object Libraries</Filter>
    </Object>
  </ItemGroup>
  <ItemGroup>
    <ResourceCompile Include="D:\code\opencv-code\opencv-windows-build345\build-dnn-gpu\modules\imgproc\vs_version.rc">
      <Filter>Src</Filter>
    </ResourceCompile>
  </ItemGroup>
  <ItemGroup>
    <Filter Include="CMake Rules">
      <UniqueIdentifier>{C80D499D-E6C9-3629-9CAA-D557D6C1E4A1}</UniqueIdentifier>
    </Filter>
    <Filter Include="Include">
      <UniqueIdentifier>{9DF1B291-E6B0-33E4-BC6C-C53AF40E6D59}</UniqueIdentifier>
    </Filter>
    <Filter Include="Include\opencv2">
      <UniqueIdentifier>{41B254F0-6395-3255-A3CA-6FE5F3E47B2E}</UniqueIdentifier>
    </Filter>
    <Filter Include="Include\opencv2\imgproc">
      <UniqueIdentifier>{7CC4871B-FB36-3507-94C6-5815F5070D12}</UniqueIdentifier>
    </Filter>
    <Filter Include="Include\opencv2\imgproc\detail">
      <UniqueIdentifier>{5C5C265D-E314-3693-AE3D-D760D92A2945}</UniqueIdentifier>
    </Filter>
    <Filter Include="Include\opencv2\imgproc\hal">
      <UniqueIdentifier>{FBB84915-1B3F-3396-AB6C-7A26EA32A177}</UniqueIdentifier>
    </Filter>
    <Filter Include="Object Libraries">
      <UniqueIdentifier>{9EA016A2-FF61-3B1C-B1BB-3119CC1419DA}</UniqueIdentifier>
    </Filter>
    <Filter Include="Source Files">
      <UniqueIdentifier>{0FA2E0EA-45E7-34D4-BEF7-FD5F6BDEB376}</UniqueIdentifier>
    </Filter>
    <Filter Include="Src">
      <UniqueIdentifier>{CEFABED2-5FDC-3EFB-9917-6D77D1471FF8}</UniqueIdentifier>
    </Filter>
    <Filter Include="Src\opencl">
      <UniqueIdentifier>{C4E68B04-B584-3E18-A51C-9364451F9F37}</UniqueIdentifier>
    </Filter>
    <Filter Include="Src\opencl\kernels">
      <UniqueIdentifier>{471AA378-1429-3BA8-9987-0E79C5459825}</UniqueIdentifier>
    </Filter>
    <Filter Include="Src\opencl\kernels\autogenerated">
      <UniqueIdentifier>{C0CA84DD-264B-3759-BAEE-2AE1E401C8CB}</UniqueIdentifier>
    </Filter>
  </ItemGroup>
</Project>
